
Microsoft Visual Studio Solution File, Format Version 12.00
# Visual Studio Version 17
VisualStudioVersion = 17.4.33213.308
MinimumVisualStudioVersion = 10.0.40219.1
Project("{2150E333-8FDC-42A3-9474-1A3956D46DE8}") = "Source", "Source", "{A561CE66-E97D-4520-B4EB-5AA4F199CDEE}"
EndProject
Project("{2150E333-8FDC-42A3-9474-1A3956D46DE8}") = "Applications", "Applications", "{5686F7F7-B6BB-40D6-A0BC-BA7D8A853981}"
EndProject
Project("{2150E333-8FDC-42A3-9474-1A3956D46DE8}") = "Tests", "Tests", "{70D0EDDE-0720-4497-8171-A5A54C491B5E}"
EndProject
Project("{2150E333-8FDC-42A3-9474-1A3956D46DE8}") = "Core", "Core", "{859FF76A-263A-4C97-A9BE-944BEF6BC3DF}"
EndProject
Project("{2150E333-8FDC-42A3-9474-1A3956D46DE8}") = "Infrastructure", "Infrastructure", "{AEEA38DD-12D9-4A3B-A544-99FA1FC0E53F}"
EndProject
Project("{9A19103F-16F7-4668-BE54-9A1E7A4F7556}") = "LetsTalk.Server.API", "LetsTalk.Server.API\LetsTalk.Server.API.csproj", "{9E40559E-A172-43FE-AEA9-53F5F9EF03E6}"
EndProject
Project("{9A19103F-16F7-4668-BE54-9A1E7A4F7556}") = "LetsTalk.Server.Core", "LetsTalk.Server.Core\LetsTalk.Server.Core.csproj", "{92A60644-12D4-4696-AA35-0DBAAC6AACE6}"
EndProject
Project("{9A19103F-16F7-4668-BE54-9A1E7A4F7556}") = "LetsTalk.Server.Domain", "LetsTalk.Server.Domain\LetsTalk.Server.Domain.csproj", "{3E3C835C-05D1-4F67-9184-E205F723791D}"
EndProject
Project("{9A19103F-16F7-4668-BE54-9A1E7A4F7556}") = "LetsTalk.Server.Persistence", "LetsTalk.Server.Persistence\LetsTalk.Server.Persistence.csproj", "{EABF9426-D71D-4398-95CC-7FAF9B8D2DA0}"
EndProject
Project("{9A19103F-16F7-4668-BE54-9A1E7A4F7556}") = "LetsTalk.Server.Models", "LetsTalk.Server.Models\LetsTalk.Server.Models.csproj", "{0C99F524-8D89-4F6C-AF49-C17A1A5A72D7}"
EndProject
Project("{9A19103F-16F7-4668-BE54-9A1E7A4F7556}") = "LetsTalk.Server.SignalR", "LetsTalk.Server.SignalR\LetsTalk.Server.SignalR.csproj", "{77C0E818-DE55-481F-A696-693C352FFC0F}"
EndProject
Project("{9A19103F-16F7-4668-BE54-9A1E7A4F7556}") = "LetsTalk.Server.Authentication", "LetsTalk.Server.Authentication\LetsTalk.Server.Authentication.csproj", "{E1024876-8C47-4EF0-B883-D926CB0AADED}"
EndProject
Project("{9A19103F-16F7-4668-BE54-9A1E7A4F7556}") = "LetsTalk.Server.AuthenticationClient", "LetsTalk.Server.AuthenticationClient\LetsTalk.Server.AuthenticationClient.csproj", "{C6EEB58A-B080-4916-BECC-C6CF978A964A}"
EndProject
Project("{2150E333-8FDC-42A3-9474-1A3956D46DE8}") = "Shared", "Shared", "{9DA0D5F4-0AB9-46A9-8ACF-6396C4E351D1}"
EndProject
Project("{FAE04EC0-301F-11D3-BF4B-00C04F79EFBC}") = "LetsTalk.Server.Exceptions", "LetsTalk.Server.Exceptions\LetsTalk.Server.Exceptions.csproj", "{BDC1EA71-2D06-44C8-9BAF-003658579D71}"
EndProject
Project("{FAE04EC0-301F-11D3-BF4B-00C04F79EFBC}") = "LetsTalk.Server.Logging", "LetsTalk.Server.Logging\LetsTalk.Server.Logging.csproj", "{0DF8748A-056D-4271-AD56-927A41FD8989}"
EndProject
Project("{FAE04EC0-301F-11D3-BF4B-00C04F79EFBC}") = "LetsTalk.Server.Logging.Abstractions", "LetsTalk.Server.Logging.Abstractions\LetsTalk.Server.Logging.Abstractions.csproj", "{C58A2D30-C0F1-4B53-A0D5-7C05AC37CB0E}"
EndProject
Project("{FAE04EC0-301F-11D3-BF4B-00C04F79EFBC}") = "LetsTalk.Server.Persistence.Abstractions", "LetsTalk.Server.Persistence.Abstractions\LetsTalk.Server.Persistence.Abstractions.csproj", "{3863150D-E4B6-4CF9-95E9-A2F812C18A97}"
EndProject
Project("{FAE04EC0-301F-11D3-BF4B-00C04F79EFBC}") = "LetsTalk.Server.SignalR.Abstractions", "LetsTalk.Server.SignalR.Abstractions\LetsTalk.Server.SignalR.Abstractions.csproj", "{B1C4405C-2596-48C5-B651-84682CA7217F}"
EndProject
Project("{FAE04EC0-301F-11D3-BF4B-00C04F79EFBC}") = "LetsTalk.Server.Authentication.Abstractions", "LetsTalk.Server.Authentication.Abstractions\LetsTalk.Server.Authentication.Abstractions.csproj", "{7E06E09F-C254-4DC5-8D64-9E5E3DF179FF}"
EndProject
Global
	GlobalSection(SolutionConfigurationPlatforms) = preSolution
		Debug|Any CPU = Debug|Any CPU
		Release|Any CPU = Release|Any CPU
	EndGlobalSection
	GlobalSection(ProjectConfigurationPlatforms) = postSolution
		{9E40559E-A172-43FE-AEA9-53F5F9EF03E6}.Debug|Any CPU.ActiveCfg = Debug|Any CPU
		{9E40559E-A172-43FE-AEA9-53F5F9EF03E6}.Debug|Any CPU.Build.0 = Debug|Any CPU
		{9E40559E-A172-43FE-AEA9-53F5F9EF03E6}.Release|Any CPU.ActiveCfg = Release|Any CPU
		{9E40559E-A172-43FE-AEA9-53F5F9EF03E6}.Release|Any CPU.Build.0 = Release|Any CPU
		{92A60644-12D4-4696-AA35-0DBAAC6AACE6}.Debug|Any CPU.ActiveCfg = Debug|Any CPU
		{92A60644-12D4-4696-AA35-0DBAAC6AACE6}.Debug|Any CPU.Build.0 = Debug|Any CPU
		{92A60644-12D4-4696-AA35-0DBAAC6AACE6}.Release|Any CPU.ActiveCfg = Release|Any CPU
		{92A60644-12D4-4696-AA35-0DBAAC6AACE6}.Release|Any CPU.Build.0 = Release|Any CPU
		{3E3C835C-05D1-4F67-9184-E205F723791D}.Debug|Any CPU.ActiveCfg = Debug|Any CPU
		{3E3C835C-05D1-4F67-9184-E205F723791D}.Debug|Any CPU.Build.0 = Debug|Any CPU
		{3E3C835C-05D1-4F67-9184-E205F723791D}.Release|Any CPU.ActiveCfg = Release|Any CPU
		{3E3C835C-05D1-4F67-9184-E205F723791D}.Release|Any CPU.Build.0 = Release|Any CPU
		{EABF9426-D71D-4398-95CC-7FAF9B8D2DA0}.Debug|Any CPU.ActiveCfg = Debug|Any CPU
		{EABF9426-D71D-4398-95CC-7FAF9B8D2DA0}.Debug|Any CPU.Build.0 = Debug|Any CPU
		{EABF9426-D71D-4398-95CC-7FAF9B8D2DA0}.Release|Any CPU.ActiveCfg = Release|Any CPU
		{EABF9426-D71D-4398-95CC-7FAF9B8D2DA0}.Release|Any CPU.Build.0 = Release|Any CPU
		{0C99F524-8D89-4F6C-AF49-C17A1A5A72D7}.Debug|Any CPU.ActiveCfg = Debug|Any CPU
		{0C99F524-8D89-4F6C-AF49-C17A1A5A72D7}.Debug|Any CPU.Build.0 = Debug|Any CPU
		{0C99F524-8D89-4F6C-AF49-C17A1A5A72D7}.Release|Any CPU.ActiveCfg = Release|Any CPU
		{0C99F524-8D89-4F6C-AF49-C17A1A5A72D7}.Release|Any CPU.Build.0 = Release|Any CPU
		{77C0E818-DE55-481F-A696-693C352FFC0F}.Debug|Any CPU.ActiveCfg = Debug|Any CPU
		{77C0E818-DE55-481F-A696-693C352FFC0F}.Debug|Any CPU.Build.0 = Debug|Any CPU
		{77C0E818-DE55-481F-A696-693C352FFC0F}.Release|Any CPU.ActiveCfg = Release|Any CPU
		{77C0E818-DE55-481F-A696-693C352FFC0F}.Release|Any CPU.Build.0 = Release|Any CPU
		{E1024876-8C47-4EF0-B883-D926CB0AADED}.Debug|Any CPU.ActiveCfg = Debug|Any CPU
		{E1024876-8C47-4EF0-B883-D926CB0AADED}.Debug|Any CPU.Build.0 = Debug|Any CPU
		{E1024876-8C47-4EF0-B883-D926CB0AADED}.Release|Any CPU.ActiveCfg = Release|Any CPU
		{E1024876-8C47-4EF0-B883-D926CB0AADED}.Release|Any CPU.Build.0 = Release|Any CPU
		{C6EEB58A-B080-4916-BECC-C6CF978A964A}.Debug|Any CPU.ActiveCfg = Debug|Any CPU
		{C6EEB58A-B080-4916-BECC-C6CF978A964A}.Debug|Any CPU.Build.0 = Debug|Any CPU
		{C6EEB58A-B080-4916-BECC-C6CF978A964A}.Release|Any CPU.ActiveCfg = Release|Any CPU
		{C6EEB58A-B080-4916-BECC-C6CF978A964A}.Release|Any CPU.Build.0 = Release|Any CPU
		{BDC1EA71-2D06-44C8-9BAF-003658579D71}.Debug|Any CPU.ActiveCfg = Debug|Any CPU
		{BDC1EA71-2D06-44C8-9BAF-003658579D71}.Debug|Any CPU.Build.0 = Debug|Any CPU
		{BDC1EA71-2D06-44C8-9BAF-003658579D71}.Release|Any CPU.ActiveCfg = Release|Any CPU
		{BDC1EA71-2D06-44C8-9BAF-003658579D71}.Release|Any CPU.Build.0 = Release|Any CPU
		{0DF8748A-056D-4271-AD56-927A41FD8989}.Debug|Any CPU.ActiveCfg = Debug|Any CPU
		{0DF8748A-056D-4271-AD56-927A41FD8989}.Debug|Any CPU.Build.0 = Debug|Any CPU
		{0DF8748A-056D-4271-AD56-927A41FD8989}.Release|Any CPU.ActiveCfg = Release|Any CPU
		{0DF8748A-056D-4271-AD56-927A41FD8989}.Release|Any CPU.Build.0 = Release|Any CPU
		{C58A2D30-C0F1-4B53-A0D5-7C05AC37CB0E}.Debug|Any CPU.ActiveCfg = Debug|Any CPU
		{C58A2D30-C0F1-4B53-A0D5-7C05AC37CB0E}.Debug|Any CPU.Build.0 = Debug|Any CPU
		{C58A2D30-C0F1-4B53-A0D5-7C05AC37CB0E}.Release|Any CPU.ActiveCfg = Release|Any CPU
		{C58A2D30-C0F1-4B53-A0D5-7C05AC37CB0E}.Release|Any CPU.Build.0 = Release|Any CPU
		{3863150D-E4B6-4CF9-95E9-A2F812C18A97}.Debug|Any CPU.ActiveCfg = Debug|Any CPU
		{3863150D-E4B6-4CF9-95E9-A2F812C18A97}.Debug|Any CPU.Build.0 = Debug|Any CPU
		{3863150D-E4B6-4CF9-95E9-A2F812C18A97}.Release|Any CPU.ActiveCfg = Release|Any CPU
		{3863150D-E4B6-4CF9-95E9-A2F812C18A97}.Release|Any CPU.Build.0 = Release|Any CPU
		{B1C4405C-2596-48C5-B651-84682CA7217F}.Debug|Any CPU.ActiveCfg = Debug|Any CPU
		{B1C4405C-2596-48C5-B651-84682CA7217F}.Debug|Any CPU.Build.0 = Debug|Any CPU
		{B1C4405C-2596-48C5-B651-84682CA7217F}.Release|Any CPU.ActiveCfg = Release|Any CPU
		{B1C4405C-2596-48C5-B651-84682CA7217F}.Release|Any CPU.Build.0 = Release|Any CPU
		{7E06E09F-C254-4DC5-8D64-9E5E3DF179FF}.Debug|Any CPU.ActiveCfg = Debug|Any CPU
		{7E06E09F-C254-4DC5-8D64-9E5E3DF179FF}.Debug|Any CPU.Build.0 = Debug|Any CPU
		{7E06E09F-C254-4DC5-8D64-9E5E3DF179FF}.Release|Any CPU.ActiveCfg = Release|Any CPU
		{7E06E09F-C254-4DC5-8D64-9E5E3DF179FF}.Release|Any CPU.Build.0 = Release|Any CPU
	EndGlobalSection
	GlobalSection(SolutionProperties) = preSolution
		HideSolutionNode = FALSE
	EndGlobalSection
	GlobalSection(NestedProjects) = preSolution
		{5686F7F7-B6BB-40D6-A0BC-BA7D8A853981} = {A561CE66-E97D-4520-B4EB-5AA4F199CDEE}
		{859FF76A-263A-4C97-A9BE-944BEF6BC3DF} = {A561CE66-E97D-4520-B4EB-5AA4F199CDEE}
		{AEEA38DD-12D9-4A3B-A544-99FA1FC0E53F} = {A561CE66-E97D-4520-B4EB-5AA4F199CDEE}
		{9E40559E-A172-43FE-AEA9-53F5F9EF03E6} = {5686F7F7-B6BB-40D6-A0BC-BA7D8A853981}
		{92A60644-12D4-4696-AA35-0DBAAC6AACE6} = {859FF76A-263A-4C97-A9BE-944BEF6BC3DF}
		{3E3C835C-05D1-4F67-9184-E205F723791D} = {859FF76A-263A-4C97-A9BE-944BEF6BC3DF}
		{EABF9426-D71D-4398-95CC-7FAF9B8D2DA0} = {AEEA38DD-12D9-4A3B-A544-99FA1FC0E53F}
		{0C99F524-8D89-4F6C-AF49-C17A1A5A72D7} = {9DA0D5F4-0AB9-46A9-8ACF-6396C4E351D1}
		{77C0E818-DE55-481F-A696-693C352FFC0F} = {AEEA38DD-12D9-4A3B-A544-99FA1FC0E53F}
		{E1024876-8C47-4EF0-B883-D926CB0AADED} = {5686F7F7-B6BB-40D6-A0BC-BA7D8A853981}
		{C6EEB58A-B080-4916-BECC-C6CF978A964A} = {AEEA38DD-12D9-4A3B-A544-99FA1FC0E53F}
		{9DA0D5F4-0AB9-46A9-8ACF-6396C4E351D1} = {A561CE66-E97D-4520-B4EB-5AA4F199CDEE}
		{BDC1EA71-2D06-44C8-9BAF-003658579D71} = {9DA0D5F4-0AB9-46A9-8ACF-6396C4E351D1}
		{0DF8748A-056D-4271-AD56-927A41FD8989} = {AEEA38DD-12D9-4A3B-A544-99FA1FC0E53F}
		{C58A2D30-C0F1-4B53-A0D5-7C05AC37CB0E} = {9DA0D5F4-0AB9-46A9-8ACF-6396C4E351D1}
		{3863150D-E4B6-4CF9-95E9-A2F812C18A97} = {9DA0D5F4-0AB9-46A9-8ACF-6396C4E351D1}
		{B1C4405C-2596-48C5-B651-84682CA7217F} = {9DA0D5F4-0AB9-46A9-8ACF-6396C4E351D1}
		{7E06E09F-C254-4DC5-8D64-9E5E3DF179FF} = {9DA0D5F4-0AB9-46A9-8ACF-6396C4E351D1}
	EndGlobalSection
	GlobalSection(ExtensibilityGlobals) = postSolution
		SolutionGuid = {3787FEEA-6175-4B41-A979-51B2D1E11B8D}
	EndGlobalSection
EndGlobal
