
Microsoft Visual Studio Solution File, Format Version 12.00
# Visual Studio Version 18
VisualStudioVersion = 18.1.11312.151
MinimumVisualStudioVersion = 10.0.40219.1
Project("{2150E333-8FDC-42A3-9474-1A3956D46DE8}") = "Source", "Source", "{A561CE66-E97D-4520-B4EB-5AA4F199CDEE}"
EndProject
Project("{2150E333-8FDC-42A3-9474-1A3956D46DE8}") = "Applications", "Applications", "{5686F7F7-B6BB-40D6-A0BC-BA7D8A853981}"
EndProject
Project("{2150E333-8FDC-42A3-9474-1A3956D46DE8}") = "API", "API", "{859FF76A-263A-4C97-A9BE-944BEF6BC3DF}"
EndProject
Project("{2150E333-8FDC-42A3-9474-1A3956D46DE8}") = "Infrastructure", "Infrastructure", "{AEEA38DD-12D9-4A3B-A544-99FA1FC0E53F}"
EndProject
Project("{9A19103F-16F7-4668-BE54-9A1E7A4F7556}") = "LetsTalk.Server.API", "LetsTalk.Server.API\LetsTalk.Server.API.csproj", "{9E40559E-A172-43FE-AEA9-53F5F9EF03E6}"
EndProject
Project("{9A19103F-16F7-4668-BE54-9A1E7A4F7556}") = "LetsTalk.Server.Authentication", "LetsTalk.Server.Authentication\LetsTalk.Server.Authentication.csproj", "{E1024876-8C47-4EF0-B883-D926CB0AADED}"
EndProject
Project("{2150E333-8FDC-42A3-9474-1A3956D46DE8}") = "Models", "Models", "{9DA0D5F4-0AB9-46A9-8ACF-6396C4E351D1}"
EndProject
Project("{9A19103F-16F7-4668-BE54-9A1E7A4F7556}") = "LetsTalk.Server.Authentication.Abstractions", "LetsTalk.Server.Authentication.Abstractions\LetsTalk.Server.Authentication.Abstractions.csproj", "{7E06E09F-C254-4DC5-8D64-9E5E3DF179FF}"
EndProject
Project("{9A19103F-16F7-4668-BE54-9A1E7A4F7556}") = "LetsTalk.Server.API.Models", "LetsTalk.Server.API.Models\LetsTalk.Server.API.Models.csproj", "{7271F543-2F6B-4BEB-B05F-9AB1D68AA5E9}"
EndProject
Project("{9A19103F-16F7-4668-BE54-9A1E7A4F7556}") = "LetsTalk.Server.Notifications", "LetsTalk.Server.Notifications\LetsTalk.Server.Notifications.csproj", "{EC1975E7-2840-4118-93BE-8EA432C0883B}"
EndProject
Project("{9A19103F-16F7-4668-BE54-9A1E7A4F7556}") = "LetsTalk.Server.Configuration", "LetsTalk.Server.Configuration\LetsTalk.Server.Configuration.csproj", "{19665F53-60F8-4B32-BADF-C5BC5070EF5A}"
EndProject
Project("{9A19103F-16F7-4668-BE54-9A1E7A4F7556}") = "LetsTalk.Server.LinkPreview", "LetsTalk.Server.LinkPreview\LetsTalk.Server.LinkPreview.csproj", "{11E752F7-CDB2-46D1-8AEB-FFDC845AA936}"
EndProject
Project("{2150E333-8FDC-42A3-9474-1A3956D46DE8}") = "Persistence", "Persistence", "{EA773367-D1CB-470C-9DB7-8E87CA9D637E}"
EndProject
Project("{9A19103F-16F7-4668-BE54-9A1E7A4F7556}") = "LetsTalk.Server.FileStorage.Service", "LetsTalk.Server.FileStorage.Service\LetsTalk.Server.FileStorage.Service.csproj", "{625E0A0B-6380-4410-9C64-E10B8DAA3FDE}"
EndProject
Project("{9A19103F-16F7-4668-BE54-9A1E7A4F7556}") = "LetsTalk.Server.ImageProcessing.Service", "LetsTalk.Server.ImageProcessing.Service\LetsTalk.Server.ImageProcessing.Service.csproj", "{8195D81B-E5FE-4026-B6FE-28B7616330EA}"
EndProject
Project("{9A19103F-16F7-4668-BE54-9A1E7A4F7556}") = "LetsTalk.Server.DependencyInjection", "LetsTalk.Server.DependencyInjection\LetsTalk.Server.DependencyInjection.csproj", "{9634ABFA-5784-4270-9402-DF2AA7E5DE97}"
EndProject
Project("{2150E333-8FDC-42A3-9474-1A3956D46DE8}") = "Tools", "Tools", "{653FCCAF-7A2D-4C7F-B913-4220C8085D1B}"
EndProject
Project("{9A19103F-16F7-4668-BE54-9A1E7A4F7556}") = "LetsTalk.Server.Tools.ExtractImageInfo", "LetsTalk.Server.Tools.ExtractImageInfo\LetsTalk.Server.Tools.ExtractImageInfo.csproj", "{210DE8DA-98F3-4C74-A2B9-8E04CC2A53C2}"
EndProject
Project("{9A19103F-16F7-4668-BE54-9A1E7A4F7556}") = "LetsTalk.Server.EmailService", "LetsTalk.Server.EmailService\LetsTalk.Server.EmailService.csproj", "{905046F5-9383-4CE1-BA5E-969C239A1EE1}"
EndProject
Project("{9A19103F-16F7-4668-BE54-9A1E7A4F7556}") = "LetsTalk.Server.API.Core", "LetsTalk.Server.API.Core\LetsTalk.Server.API.Core.csproj", "{5E509AA8-6B26-496A-8350-16E8454F5B7A}"
EndProject
Project("{FAE04EC0-301F-11D3-BF4B-00C04F79EFBC}") = "LetsTalk.Server.API.Middleware", "LetsTalk.Server.API.Middleware\LetsTalk.Server.API.Middleware.csproj", "{A734412A-AA48-48D0-BBE5-7B55AA7AD436}"
EndProject
Project("{FAE04EC0-301F-11D3-BF4B-00C04F79EFBC}") = "LetsTalk.Server.API.Validation", "LetsTalk.Server.API.Validation\LetsTalk.Server.API.Validation.csproj", "{CA6483AB-5DF0-4814-BEA9-A1C58DECB1C0}"
EndProject
Project("{FAE04EC0-301F-11D3-BF4B-00C04F79EFBC}") = "LetsTalk.Server.API.Core.Commands", "LetsTalk.Server.API.Core.Commands\LetsTalk.Server.API.Core.Commands.csproj", "{83EBB73D-3ED5-460A-810B-B1DFE70DB5BE}"
EndProject
Project("{FAE04EC0-301F-11D3-BF4B-00C04F79EFBC}") = "LetsTalk.Server.API.Middleware.Tests", "LetsTalk.Server.API.Middleware.Tests\LetsTalk.Server.API.Middleware.Tests.csproj", "{72B66376-1931-465B-8FA1-F0A8D07499B0}"
EndProject
Project("{FAE04EC0-301F-11D3-BF4B-00C04F79EFBC}") = "LetsTalk.Server.API.Validation.Tests", "LetsTalk.Server.API.Validation.Tests\LetsTalk.Server.API.Validation.Tests.csproj", "{9C32D253-E34F-42DA-A487-D79FD1D910E7}"
EndProject
Project("{FAE04EC0-301F-11D3-BF4B-00C04F79EFBC}") = "LetsTalk.Server.API.Core.Tests", "LetsTalk.Server.API.Core.Tests\LetsTalk.Server.API.Core.Tests.csproj", "{00FE4F1B-667C-40F9-B1B3-13A84EBA0353}"
EndProject
Project("{FAE04EC0-301F-11D3-BF4B-00C04F79EFBC}") = "LetsTalk.Server.Authentication.Tests", "LetsTalk.Server.Authentication.Tests\LetsTalk.Server.Authentication.Tests.csproj", "{AAF0C89B-36E3-4E87-9BAE-2200C6867D5D}"
EndProject
Project("{FAE04EC0-301F-11D3-BF4B-00C04F79EFBC}") = "LetsTalk.Server.FileStorage.AgnosticServices", "LetsTalk.Server.FileStorage.AgnosticServices\LetsTalk.Server.FileStorage.AgnosticServices.csproj", "{A35E24AD-E104-4BEE-A5B1-3AAAA75526E1}"
EndProject
Project("{FAE04EC0-301F-11D3-BF4B-00C04F79EFBC}") = "LetsTalk.Server.FileStorage.Local.Services", "LetsTalk.Server.FileStorage.Local.Services\LetsTalk.Server.FileStorage.Local.Services.csproj", "{E8DA4936-DE7D-4A3F-B475-F8521B260F03}"
EndProject
Project("{FAE04EC0-301F-11D3-BF4B-00C04F79EFBC}") = "LetsTalk.Server.FileStorage.Amazon.Services", "LetsTalk.Server.FileStorage.Amazon.Services\LetsTalk.Server.FileStorage.Amazon.Services.csproj", "{6A1E553C-D08A-4DC3-AD96-517C6A830412}"
EndProject
Project("{2150E333-8FDC-42A3-9474-1A3956D46DE8}") = "ImageProcessing", "ImageProcessing", "{6F27881E-B40E-4A9D-AFDB-032162D865D5}"
EndProject
Project("{2150E333-8FDC-42A3-9474-1A3956D46DE8}") = "FileStorage", "FileStorage", "{D83E9825-17AC-4AE9-83D9-CBE9DDCC59F6}"
EndProject
Project("{2150E333-8FDC-42A3-9474-1A3956D46DE8}") = "LinkPreview", "LinkPreview", "{7BE105C3-AC06-4F62-B258-B76667C957EB}"
EndProject
Project("{FAE04EC0-301F-11D3-BF4B-00C04F79EFBC}") = "LetsTalk.Server.Configuration.Abstractions", "LetsTalk.Server.Configuration.Abstractions\LetsTalk.Server.Configuration.Abstractions.csproj", "{4079322D-B510-4E4F-92EE-9C4D867BEE24}"
EndProject
Project("{FAE04EC0-301F-11D3-BF4B-00C04F79EFBC}") = "LetsTalk.Server.FileStorage.Abstractions", "LetsTalk.Server.FileStorage.Abstractions\LetsTalk.Server.FileStorage.Abstractions.csproj", "{A71FC810-F621-470F-8BC4-28E31DD10C62}"
EndProject
Project("{FAE04EC0-301F-11D3-BF4B-00C04F79EFBC}") = "LetsTalk.Server.Notifications.Tests", "LetsTalk.Server.Notifications.Tests\LetsTalk.Server.Notifications.Tests.csproj", "{9EE193BC-4AE0-4985-B24D-EC56D12FF87E}"
EndProject
Project("{FAE04EC0-301F-11D3-BF4B-00C04F79EFBC}") = "LetsTalk.Server.Configuration.Tests", "LetsTalk.Server.Configuration.Tests\LetsTalk.Server.Configuration.Tests.csproj", "{707474FC-C17D-47B9-A7AA-2A792D4A464D}"
EndProject
Project("{2150E333-8FDC-42A3-9474-1A3956D46DE8}") = "Telemetry", "Telemetry", "{6199B55A-3481-404D-80E3-CF146C730EB8}"
EndProject
Project("{2150E333-8FDC-42A3-9474-1A3956D46DE8}") = "SignPackage", "SignPackage", "{92DF14BD-7098-4F9F-8D42-37260F6DF7BD}"
EndProject
Project("{2150E333-8FDC-42A3-9474-1A3956D46DE8}") = "Logging", "Logging", "{9AAF661E-F07F-4B29-98F7-B540895529F2}"
EndProject
Project("{2150E333-8FDC-42A3-9474-1A3956D46DE8}") = "Configuration", "Configuration", "{FE7EB757-F44A-4C1A-9561-AD0793CC8671}"
EndProject
Project("{2150E333-8FDC-42A3-9474-1A3956D46DE8}") = "Authentication", "Authentication", "{33BBF78A-2694-42EB-A36C-B9411D95E70D}"
EndProject
Project("{2150E333-8FDC-42A3-9474-1A3956D46DE8}") = "MongoDB", "MongoDB", "{7E47C1D1-1EA6-4AA1-A274-52EBE6EA1578}"
EndProject
Project("{2150E333-8FDC-42A3-9474-1A3956D46DE8}") = "EntityFramework", "EntityFramework", "{8A574EDF-59E2-44F6-BE08-8CE2D2D7B783}"
EndProject
Project("{FAE04EC0-301F-11D3-BF4B-00C04F79EFBC}") = "LetsTalk.Server.Authentication.Client", "LetsTalk.Server.Authentication.Client\LetsTalk.Server.Authentication.Client.csproj", "{5ED512C8-2FD2-8F58-32D5-074EC6FD7826}"
EndProject
Project("{FAE04EC0-301F-11D3-BF4B-00C04F79EFBC}") = "LetsTalk.Server.ApiClient", "LetsTalk.Server.ApiClient\LetsTalk.Server.ApiClient.csproj", "{1221D999-8B71-53A7-42A9-9D7A7ECF5802}"
EndProject
Project("{2150E333-8FDC-42A3-9474-1A3956D46DE8}") = "Shared", "Shared", "{E3A2505C-8C80-4AB3-8C6D-BFC3DDFF1937}"
EndProject
Project("{FAE04EC0-301F-11D3-BF4B-00C04F79EFBC}") = "LetsTalk.Server.DateHelpers", "Shared\LetsTalk.Server.DateHelpers\LetsTalk.Server.DateHelpers.csproj", "{36286538-A74C-D71B-584D-988851E5B3E8}"
EndProject
Project("{FAE04EC0-301F-11D3-BF4B-00C04F79EFBC}") = "LetsTalk.Server.DateHelpers.Tests", "Shared\LetsTalk.Server.DateHelpers.Tests\LetsTalk.Server.DateHelpers.Tests.csproj", "{C7E08E4A-037A-2523-DBAA-E4A061DD8BA8}"
EndProject
Project("{FAE04EC0-301F-11D3-BF4B-00C04F79EFBC}") = "LetsTalk.Server.Exceptions", "Models\LetsTalk.Server.Exceptions\LetsTalk.Server.Exceptions.csproj", "{61013460-CF64-9124-1200-58CEDD3265EA}"
EndProject
Project("{FAE04EC0-301F-11D3-BF4B-00C04F79EFBC}") = "LetsTalk.Server.Models.Dtos", "Models\LetsTalk.Server.Models.Dtos\LetsTalk.Server.Models.Dtos.csproj", "{7098A703-E119-5988-544C-1BB7C49F9750}"
EndProject
Project("{FAE04EC0-301F-11D3-BF4B-00C04F79EFBC}") = "LetsTalk.Server.Models.Kafka", "Models\LetsTalk.Server.Models.Kafka\LetsTalk.Server.Models.Kafka.csproj", "{30C3C940-6ACC-6B57-5398-4D77C322B540}"
EndProject
Project("{FAE04EC0-301F-11D3-BF4B-00C04F79EFBC}") = "LetsTalk.Server.Domain", "Persistence\LetsTalk.Server.Domain\LetsTalk.Server.Domain.csproj", "{66CB86E3-954D-A24A-C9DA-DCB6861A8C23}"
EndProject
Project("{FAE04EC0-301F-11D3-BF4B-00C04F79EFBC}") = "LetsTalk.Server.Persistence", "Persistence\LetsTalk.Server.Persistence\LetsTalk.Server.Persistence.csproj", "{946001B5-72F8-D898-9D15-85C058C15548}"
EndProject
Project("{FAE04EC0-301F-11D3-BF4B-00C04F79EFBC}") = "LetsTalk.Server.Persistence.Enums", "Persistence\LetsTalk.Server.Persistence.Enums\LetsTalk.Server.Persistence.Enums.csproj", "{C49CD5A6-274D-A8AF-4C46-61C189A3ED7F}"
EndProject
Project("{FAE04EC0-301F-11D3-BF4B-00C04F79EFBC}") = "LetsTalk.Server.Persistence.Redis", "Persistence\LetsTalk.Server.Persistence.Redis\LetsTalk.Server.Persistence.Redis.csproj", "{F9B0700A-801C-1FA5-DE84-BD17ADF837CA}"
EndProject
Project("{FAE04EC0-301F-11D3-BF4B-00C04F79EFBC}") = "LetsTalk.Server.Persistence.AgnosticServices", "Persistence\LetsTalk.Server.Persistence.AgnosticServices\LetsTalk.Server.Persistence.AgnosticServices.csproj", "{EA1BA0DE-FA18-60AB-0DE6-36B3306FD2E4}"
EndProject
Project("{FAE04EC0-301F-11D3-BF4B-00C04F79EFBC}") = "LetsTalk.Server.Persistence.AgnosticServices.Abstractions", "Persistence\LetsTalk.Server.Persistence.AgnosticServices.Abstractions\LetsTalk.Server.Persistence.AgnosticServices.Abstractions.csproj", "{AA74F6BB-7D47-07DE-80CE-EF4AACD5D9AD}"
EndProject
Project("{FAE04EC0-301F-11D3-BF4B-00C04F79EFBC}") = "LetsTalk.Server.Persistence.AgnosticServices.Models", "Persistence\LetsTalk.Server.Persistence.AgnosticServices.Models\LetsTalk.Server.Persistence.AgnosticServices.Models.csproj", "{5F890602-5CBB-3460-4214-45EBD825439E}"
EndProject
Project("{FAE04EC0-301F-11D3-BF4B-00C04F79EFBC}") = "LetsTalk.Server.Persistence.EntityFramework.Repository", "Persistence\EntityFramework\LetsTalk.Server.Persistence.EntityFramework.Repository\LetsTalk.Server.Persistence.EntityFramework.Repository.csproj", "{679D994D-12A5-7716-56E6-CB61B77B71BF}"
EndProject
Project("{FAE04EC0-301F-11D3-BF4B-00C04F79EFBC}") = "LetsTalk.Server.Persistence.EntityFramework.Repository.Abstractions", "Persistence\EntityFramework\LetsTalk.Server.Persistence.EntityFramework.Repository.Abstractions\LetsTalk.Server.Persistence.EntityFramework.Repository.Abstractions.csproj", "{1B45328B-2565-7886-1951-9942D1BB36D8}"
EndProject
Project("{FAE04EC0-301F-11D3-BF4B-00C04F79EFBC}") = "LetsTalk.Server.Persistence.EntityFramework.Services", "Persistence\EntityFramework\LetsTalk.Server.Persistence.EntityFramework.Services\LetsTalk.Server.Persistence.EntityFramework.Services.csproj", "{65FF26F9-BB4D-0676-D1BC-07141AB8030F}"
EndProject
Project("{FAE04EC0-301F-11D3-BF4B-00C04F79EFBC}") = "LetsTalk.Server.Persistence.EntityFramework.Services.Tests", "Persistence\EntityFramework\LetsTalk.Server.Persistence.EntityFramework.Services.Tests\LetsTalk.Server.Persistence.EntityFramework.Services.Tests.csproj", "{39568A28-5240-E978-28CB-777697ADC3E0}"
EndProject
Project("{FAE04EC0-301F-11D3-BF4B-00C04F79EFBC}") = "LetsTalk.Server.Persistence.MongoDB.Models", "Persistence\MongoDB\LetsTalk.Server.Persistence.MongoDB.Models\LetsTalk.Server.Persistence.MongoDB.Models.csproj", "{9F3AF3FD-52A1-3AD7-C403-A4C77DDD3476}"
EndProject
Project("{FAE04EC0-301F-11D3-BF4B-00C04F79EFBC}") = "LetsTalk.Server.Persistence.MongoDB.Repository", "Persistence\MongoDB\LetsTalk.Server.Persistence.MongoDB.Repository\LetsTalk.Server.Persistence.MongoDB.Repository.csproj", "{442AD7DE-89E8-4738-4A0D-E38929707091}"
EndProject
Project("{FAE04EC0-301F-11D3-BF4B-00C04F79EFBC}") = "LetsTalk.Server.Persistence.MongoDB.Repository.Abstractions", "Persistence\MongoDB\LetsTalk.Server.Persistence.MongoDB.Repository.Abstractions\LetsTalk.Server.Persistence.MongoDB.Repository.Abstractions.csproj", "{ADBC1647-B095-8380-CADA-C7C51C78E6ED}"
EndProject
Project("{FAE04EC0-301F-11D3-BF4B-00C04F79EFBC}") = "LetsTalk.Server.Persistence.MongoDB.Services", "Persistence\MongoDB\LetsTalk.Server.Persistence.MongoDB.Services\LetsTalk.Server.Persistence.MongoDB.Services.csproj", "{19ED34A0-7325-13C0-77CE-186C61695EC3}"
EndProject
Project("{FAE04EC0-301F-11D3-BF4B-00C04F79EFBC}") = "LetsTalk.Server.Persistence.MongoDB.Services.Tests", "Persistence\MongoDB\LetsTalk.Server.Persistence.MongoDB.Services.Tests\LetsTalk.Server.Persistence.MongoDB.Services.Tests.csproj", "{0D4EAFAF-3E63-DFF7-52DC-F07B5F8981B5}"
EndProject
Project("{FAE04EC0-301F-11D3-BF4B-00C04F79EFBC}") = "LetsTalk.Server.Telemetry.Abstractions", "Infrastructure\Telemetry\LetsTalk.Server.Telemetry.Abstractions\LetsTalk.Server.Telemetry.Abstractions.csproj", "{4788B6CB-30CA-C7BE-D56C-5C53B82F5437}"
EndProject
Project("{FAE04EC0-301F-11D3-BF4B-00C04F79EFBC}") = "LetsTalk.Server.Telemetry.AgnosticServices", "Infrastructure\Telemetry\LetsTalk.Server.Telemetry.AgnosticServices\LetsTalk.Server.Telemetry.AgnosticServices.csproj", "{8F15FEB4-798B-9223-4A48-A4DB329110D3}"
EndProject
Project("{FAE04EC0-301F-11D3-BF4B-00C04F79EFBC}") = "LetsTalk.Server.Telemetry.Azure.Services", "Infrastructure\Telemetry\LetsTalk.Server.Telemetry.Azure.Services\LetsTalk.Server.Telemetry.Azure.Services.csproj", "{B97EFA82-025D-21EA-DFF4-E1DC6A470A9B}"
EndProject
Project("{FAE04EC0-301F-11D3-BF4B-00C04F79EFBC}") = "LetsTalk.Server.Telemetry.Models", "Infrastructure\Telemetry\LetsTalk.Server.Telemetry.Models\LetsTalk.Server.Telemetry.Models.csproj", "{F949CC05-1C1F-B79C-B70E-CF784B2BADD8}"
EndProject
Project("{FAE04EC0-301F-11D3-BF4B-00C04F79EFBC}") = "LetsTalk.Server.SignPackage", "Infrastructure\SignPackage\LetsTalk.Server.SignPackage\LetsTalk.Server.SignPackage.csproj", "{6E9E040B-268D-55F1-27F4-ED173DAEB1CC}"
EndProject
Project("{FAE04EC0-301F-11D3-BF4B-00C04F79EFBC}") = "LetsTalk.Server.SignPackage.Abstractions", "Infrastructure\SignPackage\LetsTalk.Server.SignPackage.Abstractions\LetsTalk.Server.SignPackage.Abstractions.csproj", "{783B3DD6-0BBB-39C8-8EE3-3E81B66C73A2}"
EndProject
Project("{FAE04EC0-301F-11D3-BF4B-00C04F79EFBC}") = "LetsTalk.Server.SignPackage.Models", "Infrastructure\SignPackage\LetsTalk.Server.SignPackage.Models\LetsTalk.Server.SignPackage.Models.csproj", "{2925B2A8-475E-B72F-8311-216DB615C1B9}"
EndProject
Project("{FAE04EC0-301F-11D3-BF4B-00C04F79EFBC}") = "LetsTalk.Server.SignPackage.Tests", "Infrastructure\SignPackage\LetsTalk.Server.SignPackage.Tests\LetsTalk.Server.SignPackage.Tests.csproj", "{4A1C6246-FCF7-014E-42D5-5EA7A4A26B57}"
EndProject
Project("{FAE04EC0-301F-11D3-BF4B-00C04F79EFBC}") = "LetsTalk.Server.Logging", "Infrastructure\Logging\LetsTalk.Server.Logging\LetsTalk.Server.Logging.csproj", "{04CA8431-B550-A957-9489-ED2E4358A21C}"
EndProject
Project("{FAE04EC0-301F-11D3-BF4B-00C04F79EFBC}") = "LetsTalk.Server.Logging.Abstractions", "Infrastructure\Logging\LetsTalk.Server.Logging.Abstractions\LetsTalk.Server.Logging.Abstractions.csproj", "{A250338F-7560-0EF5-A239-9AB7FAD08FB6}"
EndProject
Project("{FAE04EC0-301F-11D3-BF4B-00C04F79EFBC}") = "LetsTalk.Server.LinkPreview.Lambda", "Infrastructure\LinkPreview\LetsTalk.Server.LinkPreview.Lambda\LetsTalk.Server.LinkPreview.Lambda.csproj", "{B47E7649-2DDE-908C-8092-BB31C1B33D06}"
EndProject
Project("{FAE04EC0-301F-11D3-BF4B-00C04F79EFBC}") = "LetsTalk.Server.LinkPreview.Utility", "Infrastructure\LinkPreview\LetsTalk.Server.LinkPreview.Utility\LetsTalk.Server.LinkPreview.Utility.csproj", "{B2426698-6ADB-F4F0-E101-E1FA7B9C693B}"
EndProject
Project("{FAE04EC0-301F-11D3-BF4B-00C04F79EFBC}") = "LetsTalk.Server.LinkPreview.Utility.Abstractions", "Infrastructure\LinkPreview\LetsTalk.Server.LinkPreview.Utility.Abstractions\LetsTalk.Server.LinkPreview.Utility.Abstractions.csproj", "{D7982D40-8703-F134-CE20-AF622BBD65A7}"
EndProject
Project("{FAE04EC0-301F-11D3-BF4B-00C04F79EFBC}") = "LetsTalk.Server.LinkPreview.Utility.Tests", "Infrastructure\LinkPreview\LetsTalk.Server.LinkPreview.Utility.Tests\LetsTalk.Server.LinkPreview.Utility.Tests.csproj", "{0007F6C5-E358-7F08-4534-6A2433E22A9B}"
EndProject
Project("{FAE04EC0-301F-11D3-BF4B-00C04F79EFBC}") = "LetsTalk.Server.ImageProcessing.ImageResizeEngine", "Infrastructure\ImageProcessing\LetsTalk.Server.ImageProcessing.ImageResizeEngine\LetsTalk.Server.ImageProcessing.ImageResizeEngine.csproj", "{C9A4A878-96E4-202B-9DC2-8CD186DC5BD9}"
EndProject
Project("{FAE04EC0-301F-11D3-BF4B-00C04F79EFBC}") = "LetsTalk.Server.ImageProcessing.ImageResizeEngine.Abstractions", "Infrastructure\ImageProcessing\LetsTalk.Server.ImageProcessing.ImageResizeEngine.Abstractions\LetsTalk.Server.ImageProcessing.ImageResizeEngine.Abstractions.csproj", "{6C92DD15-A723-3F43-FE55-B0E3EFC700D6}"
EndProject
Project("{FAE04EC0-301F-11D3-BF4B-00C04F79EFBC}") = "LetsTalk.Server.ImageProcessing.Lambda", "Infrastructure\ImageProcessing\LetsTalk.Server.ImageProcessing.Lambda\LetsTalk.Server.ImageProcessing.Lambda.csproj", "{482E62AC-4D55-772C-8844-7BDCF1D4D5F4}"
EndProject
Project("{FAE04EC0-301F-11D3-BF4B-00C04F79EFBC}") = "LetsTalk.Server.ImageProcessing.Utility", "Infrastructure\ImageProcessing\LetsTalk.Server.ImageProcessing.Utility\LetsTalk.Server.ImageProcessing.Utility.csproj", "{B4FE6A75-7E5E-8A54-F92E-777E85B8FE86}"
EndProject
Project("{FAE04EC0-301F-11D3-BF4B-00C04F79EFBC}") = "LetsTalk.Server.ImageProcessing.Utility.Abstractions", "Infrastructure\ImageProcessing\LetsTalk.Server.ImageProcessing.Utility.Abstractions\LetsTalk.Server.ImageProcessing.Utility.Abstractions.csproj", "{61FABDF2-0C84-A434-6631-BAE4B1263DAE}"
EndProject
Global
	GlobalSection(SolutionConfigurationPlatforms) = preSolution
		Debug|Any CPU = Debug|Any CPU
		Release|Any CPU = Release|Any CPU
	EndGlobalSection
	GlobalSection(ProjectConfigurationPlatforms) = postSolution
		{9E40559E-A172-43FE-AEA9-53F5F9EF03E6}.Debug|Any CPU.ActiveCfg = Debug|Any CPU
		{9E40559E-A172-43FE-AEA9-53F5F9EF03E6}.Debug|Any CPU.Build.0 = Debug|Any CPU
		{9E40559E-A172-43FE-AEA9-53F5F9EF03E6}.Release|Any CPU.ActiveCfg = Release|Any CPU
		{9E40559E-A172-43FE-AEA9-53F5F9EF03E6}.Release|Any CPU.Build.0 = Release|Any CPU
		{E1024876-8C47-4EF0-B883-D926CB0AADED}.Debug|Any CPU.ActiveCfg = Debug|Any CPU
		{E1024876-8C47-4EF0-B883-D926CB0AADED}.Debug|Any CPU.Build.0 = Debug|Any CPU
		{E1024876-8C47-4EF0-B883-D926CB0AADED}.Release|Any CPU.ActiveCfg = Release|Any CPU
		{E1024876-8C47-4EF0-B883-D926CB0AADED}.Release|Any CPU.Build.0 = Release|Any CPU
		{7E06E09F-C254-4DC5-8D64-9E5E3DF179FF}.Debug|Any CPU.ActiveCfg = Debug|Any CPU
		{7E06E09F-C254-4DC5-8D64-9E5E3DF179FF}.Debug|Any CPU.Build.0 = Debug|Any CPU
		{7E06E09F-C254-4DC5-8D64-9E5E3DF179FF}.Release|Any CPU.ActiveCfg = Release|Any CPU
		{7E06E09F-C254-4DC5-8D64-9E5E3DF179FF}.Release|Any CPU.Build.0 = Release|Any CPU
		{7271F543-2F6B-4BEB-B05F-9AB1D68AA5E9}.Debug|Any CPU.ActiveCfg = Debug|Any CPU
		{7271F543-2F6B-4BEB-B05F-9AB1D68AA5E9}.Debug|Any CPU.Build.0 = Debug|Any CPU
		{7271F543-2F6B-4BEB-B05F-9AB1D68AA5E9}.Release|Any CPU.ActiveCfg = Release|Any CPU
		{7271F543-2F6B-4BEB-B05F-9AB1D68AA5E9}.Release|Any CPU.Build.0 = Release|Any CPU
		{EC1975E7-2840-4118-93BE-8EA432C0883B}.Debug|Any CPU.ActiveCfg = Debug|Any CPU
		{EC1975E7-2840-4118-93BE-8EA432C0883B}.Debug|Any CPU.Build.0 = Debug|Any CPU
		{EC1975E7-2840-4118-93BE-8EA432C0883B}.Release|Any CPU.ActiveCfg = Release|Any CPU
		{EC1975E7-2840-4118-93BE-8EA432C0883B}.Release|Any CPU.Build.0 = Release|Any CPU
		{19665F53-60F8-4B32-BADF-C5BC5070EF5A}.Debug|Any CPU.ActiveCfg = Debug|Any CPU
		{19665F53-60F8-4B32-BADF-C5BC5070EF5A}.Debug|Any CPU.Build.0 = Debug|Any CPU
		{19665F53-60F8-4B32-BADF-C5BC5070EF5A}.Release|Any CPU.ActiveCfg = Release|Any CPU
		{19665F53-60F8-4B32-BADF-C5BC5070EF5A}.Release|Any CPU.Build.0 = Release|Any CPU
		{11E752F7-CDB2-46D1-8AEB-FFDC845AA936}.Debug|Any CPU.ActiveCfg = Debug|Any CPU
		{11E752F7-CDB2-46D1-8AEB-FFDC845AA936}.Debug|Any CPU.Build.0 = Debug|Any CPU
		{11E752F7-CDB2-46D1-8AEB-FFDC845AA936}.Release|Any CPU.ActiveCfg = Release|Any CPU
		{11E752F7-CDB2-46D1-8AEB-FFDC845AA936}.Release|Any CPU.Build.0 = Release|Any CPU
		{625E0A0B-6380-4410-9C64-E10B8DAA3FDE}.Debug|Any CPU.ActiveCfg = Debug|Any CPU
		{625E0A0B-6380-4410-9C64-E10B8DAA3FDE}.Debug|Any CPU.Build.0 = Debug|Any CPU
		{625E0A0B-6380-4410-9C64-E10B8DAA3FDE}.Release|Any CPU.ActiveCfg = Release|Any CPU
		{625E0A0B-6380-4410-9C64-E10B8DAA3FDE}.Release|Any CPU.Build.0 = Release|Any CPU
		{8195D81B-E5FE-4026-B6FE-28B7616330EA}.Debug|Any CPU.ActiveCfg = Debug|Any CPU
		{8195D81B-E5FE-4026-B6FE-28B7616330EA}.Debug|Any CPU.Build.0 = Debug|Any CPU
		{8195D81B-E5FE-4026-B6FE-28B7616330EA}.Release|Any CPU.ActiveCfg = Release|Any CPU
		{8195D81B-E5FE-4026-B6FE-28B7616330EA}.Release|Any CPU.Build.0 = Release|Any CPU
		{9634ABFA-5784-4270-9402-DF2AA7E5DE97}.Debug|Any CPU.ActiveCfg = Debug|Any CPU
		{9634ABFA-5784-4270-9402-DF2AA7E5DE97}.Debug|Any CPU.Build.0 = Debug|Any CPU
		{9634ABFA-5784-4270-9402-DF2AA7E5DE97}.Release|Any CPU.ActiveCfg = Release|Any CPU
		{9634ABFA-5784-4270-9402-DF2AA7E5DE97}.Release|Any CPU.Build.0 = Release|Any CPU
		{210DE8DA-98F3-4C74-A2B9-8E04CC2A53C2}.Debug|Any CPU.ActiveCfg = Debug|Any CPU
		{210DE8DA-98F3-4C74-A2B9-8E04CC2A53C2}.Debug|Any CPU.Build.0 = Debug|Any CPU
		{210DE8DA-98F3-4C74-A2B9-8E04CC2A53C2}.Release|Any CPU.ActiveCfg = Release|Any CPU
		{210DE8DA-98F3-4C74-A2B9-8E04CC2A53C2}.Release|Any CPU.Build.0 = Release|Any CPU
		{905046F5-9383-4CE1-BA5E-969C239A1EE1}.Debug|Any CPU.ActiveCfg = Debug|Any CPU
		{905046F5-9383-4CE1-BA5E-969C239A1EE1}.Debug|Any CPU.Build.0 = Debug|Any CPU
		{905046F5-9383-4CE1-BA5E-969C239A1EE1}.Release|Any CPU.ActiveCfg = Release|Any CPU
		{905046F5-9383-4CE1-BA5E-969C239A1EE1}.Release|Any CPU.Build.0 = Release|Any CPU
		{5E509AA8-6B26-496A-8350-16E8454F5B7A}.Debug|Any CPU.ActiveCfg = Debug|Any CPU
		{5E509AA8-6B26-496A-8350-16E8454F5B7A}.Debug|Any CPU.Build.0 = Debug|Any CPU
		{5E509AA8-6B26-496A-8350-16E8454F5B7A}.Release|Any CPU.ActiveCfg = Release|Any CPU
		{5E509AA8-6B26-496A-8350-16E8454F5B7A}.Release|Any CPU.Build.0 = Release|Any CPU
		{A734412A-AA48-48D0-BBE5-7B55AA7AD436}.Debug|Any CPU.ActiveCfg = Debug|Any CPU
		{A734412A-AA48-48D0-BBE5-7B55AA7AD436}.Debug|Any CPU.Build.0 = Debug|Any CPU
		{A734412A-AA48-48D0-BBE5-7B55AA7AD436}.Release|Any CPU.ActiveCfg = Release|Any CPU
		{A734412A-AA48-48D0-BBE5-7B55AA7AD436}.Release|Any CPU.Build.0 = Release|Any CPU
		{CA6483AB-5DF0-4814-BEA9-A1C58DECB1C0}.Debug|Any CPU.ActiveCfg = Debug|Any CPU
		{CA6483AB-5DF0-4814-BEA9-A1C58DECB1C0}.Debug|Any CPU.Build.0 = Debug|Any CPU
		{CA6483AB-5DF0-4814-BEA9-A1C58DECB1C0}.Release|Any CPU.ActiveCfg = Release|Any CPU
		{CA6483AB-5DF0-4814-BEA9-A1C58DECB1C0}.Release|Any CPU.Build.0 = Release|Any CPU
		{83EBB73D-3ED5-460A-810B-B1DFE70DB5BE}.Debug|Any CPU.ActiveCfg = Debug|Any CPU
		{83EBB73D-3ED5-460A-810B-B1DFE70DB5BE}.Debug|Any CPU.Build.0 = Debug|Any CPU
		{83EBB73D-3ED5-460A-810B-B1DFE70DB5BE}.Release|Any CPU.ActiveCfg = Release|Any CPU
		{83EBB73D-3ED5-460A-810B-B1DFE70DB5BE}.Release|Any CPU.Build.0 = Release|Any CPU
		{72B66376-1931-465B-8FA1-F0A8D07499B0}.Debug|Any CPU.ActiveCfg = Debug|Any CPU
		{72B66376-1931-465B-8FA1-F0A8D07499B0}.Debug|Any CPU.Build.0 = Debug|Any CPU
		{72B66376-1931-465B-8FA1-F0A8D07499B0}.Release|Any CPU.ActiveCfg = Release|Any CPU
		{72B66376-1931-465B-8FA1-F0A8D07499B0}.Release|Any CPU.Build.0 = Release|Any CPU
		{9C32D253-E34F-42DA-A487-D79FD1D910E7}.Debug|Any CPU.ActiveCfg = Debug|Any CPU
		{9C32D253-E34F-42DA-A487-D79FD1D910E7}.Debug|Any CPU.Build.0 = Debug|Any CPU
		{9C32D253-E34F-42DA-A487-D79FD1D910E7}.Release|Any CPU.ActiveCfg = Release|Any CPU
		{9C32D253-E34F-42DA-A487-D79FD1D910E7}.Release|Any CPU.Build.0 = Release|Any CPU
		{00FE4F1B-667C-40F9-B1B3-13A84EBA0353}.Debug|Any CPU.ActiveCfg = Debug|Any CPU
		{00FE4F1B-667C-40F9-B1B3-13A84EBA0353}.Debug|Any CPU.Build.0 = Debug|Any CPU
		{00FE4F1B-667C-40F9-B1B3-13A84EBA0353}.Release|Any CPU.ActiveCfg = Release|Any CPU
		{00FE4F1B-667C-40F9-B1B3-13A84EBA0353}.Release|Any CPU.Build.0 = Release|Any CPU
		{AAF0C89B-36E3-4E87-9BAE-2200C6867D5D}.Debug|Any CPU.ActiveCfg = Debug|Any CPU
		{AAF0C89B-36E3-4E87-9BAE-2200C6867D5D}.Debug|Any CPU.Build.0 = Debug|Any CPU
		{AAF0C89B-36E3-4E87-9BAE-2200C6867D5D}.Release|Any CPU.ActiveCfg = Release|Any CPU
		{AAF0C89B-36E3-4E87-9BAE-2200C6867D5D}.Release|Any CPU.Build.0 = Release|Any CPU
		{A35E24AD-E104-4BEE-A5B1-3AAAA75526E1}.Debug|Any CPU.ActiveCfg = Debug|Any CPU
		{A35E24AD-E104-4BEE-A5B1-3AAAA75526E1}.Debug|Any CPU.Build.0 = Debug|Any CPU
		{A35E24AD-E104-4BEE-A5B1-3AAAA75526E1}.Release|Any CPU.ActiveCfg = Release|Any CPU
		{A35E24AD-E104-4BEE-A5B1-3AAAA75526E1}.Release|Any CPU.Build.0 = Release|Any CPU
		{E8DA4936-DE7D-4A3F-B475-F8521B260F03}.Debug|Any CPU.ActiveCfg = Debug|Any CPU
		{E8DA4936-DE7D-4A3F-B475-F8521B260F03}.Debug|Any CPU.Build.0 = Debug|Any CPU
		{E8DA4936-DE7D-4A3F-B475-F8521B260F03}.Release|Any CPU.ActiveCfg = Release|Any CPU
		{E8DA4936-DE7D-4A3F-B475-F8521B260F03}.Release|Any CPU.Build.0 = Release|Any CPU
		{6A1E553C-D08A-4DC3-AD96-517C6A830412}.Debug|Any CPU.ActiveCfg = Debug|Any CPU
		{6A1E553C-D08A-4DC3-AD96-517C6A830412}.Debug|Any CPU.Build.0 = Debug|Any CPU
		{6A1E553C-D08A-4DC3-AD96-517C6A830412}.Release|Any CPU.ActiveCfg = Release|Any CPU
		{6A1E553C-D08A-4DC3-AD96-517C6A830412}.Release|Any CPU.Build.0 = Release|Any CPU
		{4079322D-B510-4E4F-92EE-9C4D867BEE24}.Debug|Any CPU.ActiveCfg = Debug|Any CPU
		{4079322D-B510-4E4F-92EE-9C4D867BEE24}.Debug|Any CPU.Build.0 = Debug|Any CPU
		{4079322D-B510-4E4F-92EE-9C4D867BEE24}.Release|Any CPU.ActiveCfg = Release|Any CPU
		{4079322D-B510-4E4F-92EE-9C4D867BEE24}.Release|Any CPU.Build.0 = Release|Any CPU
		{A71FC810-F621-470F-8BC4-28E31DD10C62}.Debug|Any CPU.ActiveCfg = Debug|Any CPU
		{A71FC810-F621-470F-8BC4-28E31DD10C62}.Debug|Any CPU.Build.0 = Debug|Any CPU
		{A71FC810-F621-470F-8BC4-28E31DD10C62}.Release|Any CPU.ActiveCfg = Release|Any CPU
		{A71FC810-F621-470F-8BC4-28E31DD10C62}.Release|Any CPU.Build.0 = Release|Any CPU
		{9EE193BC-4AE0-4985-B24D-EC56D12FF87E}.Debug|Any CPU.ActiveCfg = Debug|Any CPU
		{9EE193BC-4AE0-4985-B24D-EC56D12FF87E}.Debug|Any CPU.Build.0 = Debug|Any CPU
		{9EE193BC-4AE0-4985-B24D-EC56D12FF87E}.Release|Any CPU.ActiveCfg = Release|Any CPU
		{9EE193BC-4AE0-4985-B24D-EC56D12FF87E}.Release|Any CPU.Build.0 = Release|Any CPU
		{707474FC-C17D-47B9-A7AA-2A792D4A464D}.Debug|Any CPU.ActiveCfg = Debug|Any CPU
		{707474FC-C17D-47B9-A7AA-2A792D4A464D}.Debug|Any CPU.Build.0 = Debug|Any CPU
		{707474FC-C17D-47B9-A7AA-2A792D4A464D}.Release|Any CPU.ActiveCfg = Release|Any CPU
		{707474FC-C17D-47B9-A7AA-2A792D4A464D}.Release|Any CPU.Build.0 = Release|Any CPU
		{5ED512C8-2FD2-8F58-32D5-074EC6FD7826}.Debug|Any CPU.ActiveCfg = Debug|Any CPU
		{5ED512C8-2FD2-8F58-32D5-074EC6FD7826}.Debug|Any CPU.Build.0 = Debug|Any CPU
		{5ED512C8-2FD2-8F58-32D5-074EC6FD7826}.Release|Any CPU.ActiveCfg = Release|Any CPU
		{5ED512C8-2FD2-8F58-32D5-074EC6FD7826}.Release|Any CPU.Build.0 = Release|Any CPU
		{1221D999-8B71-53A7-42A9-9D7A7ECF5802}.Debug|Any CPU.ActiveCfg = Debug|Any CPU
		{1221D999-8B71-53A7-42A9-9D7A7ECF5802}.Debug|Any CPU.Build.0 = Debug|Any CPU
		{1221D999-8B71-53A7-42A9-9D7A7ECF5802}.Release|Any CPU.ActiveCfg = Release|Any CPU
		{1221D999-8B71-53A7-42A9-9D7A7ECF5802}.Release|Any CPU.Build.0 = Release|Any CPU
		{36286538-A74C-D71B-584D-988851E5B3E8}.Debug|Any CPU.ActiveCfg = Debug|Any CPU
		{36286538-A74C-D71B-584D-988851E5B3E8}.Debug|Any CPU.Build.0 = Debug|Any CPU
		{36286538-A74C-D71B-584D-988851E5B3E8}.Release|Any CPU.ActiveCfg = Release|Any CPU
		{36286538-A74C-D71B-584D-988851E5B3E8}.Release|Any CPU.Build.0 = Release|Any CPU
		{C7E08E4A-037A-2523-DBAA-E4A061DD8BA8}.Debug|Any CPU.ActiveCfg = Debug|Any CPU
		{C7E08E4A-037A-2523-DBAA-E4A061DD8BA8}.Debug|Any CPU.Build.0 = Debug|Any CPU
		{C7E08E4A-037A-2523-DBAA-E4A061DD8BA8}.Release|Any CPU.ActiveCfg = Release|Any CPU
		{C7E08E4A-037A-2523-DBAA-E4A061DD8BA8}.Release|Any CPU.Build.0 = Release|Any CPU
		{61013460-CF64-9124-1200-58CEDD3265EA}.Debug|Any CPU.ActiveCfg = Debug|Any CPU
		{61013460-CF64-9124-1200-58CEDD3265EA}.Debug|Any CPU.Build.0 = Debug|Any CPU
		{61013460-CF64-9124-1200-58CEDD3265EA}.Release|Any CPU.ActiveCfg = Release|Any CPU
		{61013460-CF64-9124-1200-58CEDD3265EA}.Release|Any CPU.Build.0 = Release|Any CPU
		{7098A703-E119-5988-544C-1BB7C49F9750}.Debug|Any CPU.ActiveCfg = Debug|Any CPU
		{7098A703-E119-5988-544C-1BB7C49F9750}.Debug|Any CPU.Build.0 = Debug|Any CPU
		{7098A703-E119-5988-544C-1BB7C49F9750}.Release|Any CPU.ActiveCfg = Release|Any CPU
		{7098A703-E119-5988-544C-1BB7C49F9750}.Release|Any CPU.Build.0 = Release|Any CPU
		{30C3C940-6ACC-6B57-5398-4D77C322B540}.Debug|Any CPU.ActiveCfg = Debug|Any CPU
		{30C3C940-6ACC-6B57-5398-4D77C322B540}.Debug|Any CPU.Build.0 = Debug|Any CPU
		{30C3C940-6ACC-6B57-5398-4D77C322B540}.Release|Any CPU.ActiveCfg = Release|Any CPU
		{30C3C940-6ACC-6B57-5398-4D77C322B540}.Release|Any CPU.Build.0 = Release|Any CPU
		{66CB86E3-954D-A24A-C9DA-DCB6861A8C23}.Debug|Any CPU.ActiveCfg = Debug|Any CPU
		{66CB86E3-954D-A24A-C9DA-DCB6861A8C23}.Debug|Any CPU.Build.0 = Debug|Any CPU
		{66CB86E3-954D-A24A-C9DA-DCB6861A8C23}.Release|Any CPU.ActiveCfg = Release|Any CPU
		{66CB86E3-954D-A24A-C9DA-DCB6861A8C23}.Release|Any CPU.Build.0 = Release|Any CPU
		{946001B5-72F8-D898-9D15-85C058C15548}.Debug|Any CPU.ActiveCfg = Debug|Any CPU
		{946001B5-72F8-D898-9D15-85C058C15548}.Debug|Any CPU.Build.0 = Debug|Any CPU
		{946001B5-72F8-D898-9D15-85C058C15548}.Release|Any CPU.ActiveCfg = Release|Any CPU
		{946001B5-72F8-D898-9D15-85C058C15548}.Release|Any CPU.Build.0 = Release|Any CPU
		{C49CD5A6-274D-A8AF-4C46-61C189A3ED7F}.Debug|Any CPU.ActiveCfg = Debug|Any CPU
		{C49CD5A6-274D-A8AF-4C46-61C189A3ED7F}.Debug|Any CPU.Build.0 = Debug|Any CPU
		{C49CD5A6-274D-A8AF-4C46-61C189A3ED7F}.Release|Any CPU.ActiveCfg = Release|Any CPU
		{C49CD5A6-274D-A8AF-4C46-61C189A3ED7F}.Release|Any CPU.Build.0 = Release|Any CPU
		{F9B0700A-801C-1FA5-DE84-BD17ADF837CA}.Debug|Any CPU.ActiveCfg = Debug|Any CPU
		{F9B0700A-801C-1FA5-DE84-BD17ADF837CA}.Debug|Any CPU.Build.0 = Debug|Any CPU
		{F9B0700A-801C-1FA5-DE84-BD17ADF837CA}.Release|Any CPU.ActiveCfg = Release|Any CPU
		{F9B0700A-801C-1FA5-DE84-BD17ADF837CA}.Release|Any CPU.Build.0 = Release|Any CPU
		{EA1BA0DE-FA18-60AB-0DE6-36B3306FD2E4}.Debug|Any CPU.ActiveCfg = Debug|Any CPU
		{EA1BA0DE-FA18-60AB-0DE6-36B3306FD2E4}.Debug|Any CPU.Build.0 = Debug|Any CPU
		{EA1BA0DE-FA18-60AB-0DE6-36B3306FD2E4}.Release|Any CPU.ActiveCfg = Release|Any CPU
		{EA1BA0DE-FA18-60AB-0DE6-36B3306FD2E4}.Release|Any CPU.Build.0 = Release|Any CPU
		{AA74F6BB-7D47-07DE-80CE-EF4AACD5D9AD}.Debug|Any CPU.ActiveCfg = Debug|Any CPU
		{AA74F6BB-7D47-07DE-80CE-EF4AACD5D9AD}.Debug|Any CPU.Build.0 = Debug|Any CPU
		{AA74F6BB-7D47-07DE-80CE-EF4AACD5D9AD}.Release|Any CPU.ActiveCfg = Release|Any CPU
		{AA74F6BB-7D47-07DE-80CE-EF4AACD5D9AD}.Release|Any CPU.Build.0 = Release|Any CPU
		{5F890602-5CBB-3460-4214-45EBD825439E}.Debug|Any CPU.ActiveCfg = Debug|Any CPU
		{5F890602-5CBB-3460-4214-45EBD825439E}.Debug|Any CPU.Build.0 = Debug|Any CPU
		{5F890602-5CBB-3460-4214-45EBD825439E}.Release|Any CPU.ActiveCfg = Release|Any CPU
		{5F890602-5CBB-3460-4214-45EBD825439E}.Release|Any CPU.Build.0 = Release|Any CPU
		{679D994D-12A5-7716-56E6-CB61B77B71BF}.Debug|Any CPU.ActiveCfg = Debug|Any CPU
		{679D994D-12A5-7716-56E6-CB61B77B71BF}.Debug|Any CPU.Build.0 = Debug|Any CPU
		{679D994D-12A5-7716-56E6-CB61B77B71BF}.Release|Any CPU.ActiveCfg = Release|Any CPU
		{679D994D-12A5-7716-56E6-CB61B77B71BF}.Release|Any CPU.Build.0 = Release|Any CPU
		{1B45328B-2565-7886-1951-9942D1BB36D8}.Debug|Any CPU.ActiveCfg = Debug|Any CPU
		{1B45328B-2565-7886-1951-9942D1BB36D8}.Debug|Any CPU.Build.0 = Debug|Any CPU
		{1B45328B-2565-7886-1951-9942D1BB36D8}.Release|Any CPU.ActiveCfg = Release|Any CPU
		{1B45328B-2565-7886-1951-9942D1BB36D8}.Release|Any CPU.Build.0 = Release|Any CPU
		{65FF26F9-BB4D-0676-D1BC-07141AB8030F}.Debug|Any CPU.ActiveCfg = Debug|Any CPU
		{65FF26F9-BB4D-0676-D1BC-07141AB8030F}.Debug|Any CPU.Build.0 = Debug|Any CPU
		{65FF26F9-BB4D-0676-D1BC-07141AB8030F}.Release|Any CPU.ActiveCfg = Release|Any CPU
		{65FF26F9-BB4D-0676-D1BC-07141AB8030F}.Release|Any CPU.Build.0 = Release|Any CPU
		{39568A28-5240-E978-28CB-777697ADC3E0}.Debug|Any CPU.ActiveCfg = Debug|Any CPU
		{39568A28-5240-E978-28CB-777697ADC3E0}.Debug|Any CPU.Build.0 = Debug|Any CPU
		{39568A28-5240-E978-28CB-777697ADC3E0}.Release|Any CPU.ActiveCfg = Release|Any CPU
		{39568A28-5240-E978-28CB-777697ADC3E0}.Release|Any CPU.Build.0 = Release|Any CPU
		{9F3AF3FD-52A1-3AD7-C403-A4C77DDD3476}.Debug|Any CPU.ActiveCfg = Debug|Any CPU
		{9F3AF3FD-52A1-3AD7-C403-A4C77DDD3476}.Debug|Any CPU.Build.0 = Debug|Any CPU
		{9F3AF3FD-52A1-3AD7-C403-A4C77DDD3476}.Release|Any CPU.ActiveCfg = Release|Any CPU
		{9F3AF3FD-52A1-3AD7-C403-A4C77DDD3476}.Release|Any CPU.Build.0 = Release|Any CPU
		{442AD7DE-89E8-4738-4A0D-E38929707091}.Debug|Any CPU.ActiveCfg = Debug|Any CPU
		{442AD7DE-89E8-4738-4A0D-E38929707091}.Debug|Any CPU.Build.0 = Debug|Any CPU
		{442AD7DE-89E8-4738-4A0D-E38929707091}.Release|Any CPU.ActiveCfg = Release|Any CPU
		{442AD7DE-89E8-4738-4A0D-E38929707091}.Release|Any CPU.Build.0 = Release|Any CPU
		{ADBC1647-B095-8380-CADA-C7C51C78E6ED}.Debug|Any CPU.ActiveCfg = Debug|Any CPU
		{ADBC1647-B095-8380-CADA-C7C51C78E6ED}.Debug|Any CPU.Build.0 = Debug|Any CPU
		{ADBC1647-B095-8380-CADA-C7C51C78E6ED}.Release|Any CPU.ActiveCfg = Release|Any CPU
		{ADBC1647-B095-8380-CADA-C7C51C78E6ED}.Release|Any CPU.Build.0 = Release|Any CPU
		{19ED34A0-7325-13C0-77CE-186C61695EC3}.Debug|Any CPU.ActiveCfg = Debug|Any CPU
		{19ED34A0-7325-13C0-77CE-186C61695EC3}.Debug|Any CPU.Build.0 = Debug|Any CPU
		{19ED34A0-7325-13C0-77CE-186C61695EC3}.Release|Any CPU.ActiveCfg = Release|Any CPU
		{19ED34A0-7325-13C0-77CE-186C61695EC3}.Release|Any CPU.Build.0 = Release|Any CPU
		{0D4EAFAF-3E63-DFF7-52DC-F07B5F8981B5}.Debug|Any CPU.ActiveCfg = Debug|Any CPU
		{0D4EAFAF-3E63-DFF7-52DC-F07B5F8981B5}.Debug|Any CPU.Build.0 = Debug|Any CPU
		{0D4EAFAF-3E63-DFF7-52DC-F07B5F8981B5}.Release|Any CPU.ActiveCfg = Release|Any CPU
		{0D4EAFAF-3E63-DFF7-52DC-F07B5F8981B5}.Release|Any CPU.Build.0 = Release|Any CPU
		{4788B6CB-30CA-C7BE-D56C-5C53B82F5437}.Debug|Any CPU.ActiveCfg = Debug|Any CPU
		{4788B6CB-30CA-C7BE-D56C-5C53B82F5437}.Debug|Any CPU.Build.0 = Debug|Any CPU
		{4788B6CB-30CA-C7BE-D56C-5C53B82F5437}.Release|Any CPU.ActiveCfg = Release|Any CPU
		{4788B6CB-30CA-C7BE-D56C-5C53B82F5437}.Release|Any CPU.Build.0 = Release|Any CPU
		{8F15FEB4-798B-9223-4A48-A4DB329110D3}.Debug|Any CPU.ActiveCfg = Debug|Any CPU
		{8F15FEB4-798B-9223-4A48-A4DB329110D3}.Debug|Any CPU.Build.0 = Debug|Any CPU
		{8F15FEB4-798B-9223-4A48-A4DB329110D3}.Release|Any CPU.ActiveCfg = Release|Any CPU
		{8F15FEB4-798B-9223-4A48-A4DB329110D3}.Release|Any CPU.Build.0 = Release|Any CPU
		{B97EFA82-025D-21EA-DFF4-E1DC6A470A9B}.Debug|Any CPU.ActiveCfg = Debug|Any CPU
		{B97EFA82-025D-21EA-DFF4-E1DC6A470A9B}.Debug|Any CPU.Build.0 = Debug|Any CPU
		{B97EFA82-025D-21EA-DFF4-E1DC6A470A9B}.Release|Any CPU.ActiveCfg = Release|Any CPU
		{B97EFA82-025D-21EA-DFF4-E1DC6A470A9B}.Release|Any CPU.Build.0 = Release|Any CPU
		{F949CC05-1C1F-B79C-B70E-CF784B2BADD8}.Debug|Any CPU.ActiveCfg = Debug|Any CPU
		{F949CC05-1C1F-B79C-B70E-CF784B2BADD8}.Debug|Any CPU.Build.0 = Debug|Any CPU
		{F949CC05-1C1F-B79C-B70E-CF784B2BADD8}.Release|Any CPU.ActiveCfg = Release|Any CPU
		{F949CC05-1C1F-B79C-B70E-CF784B2BADD8}.Release|Any CPU.Build.0 = Release|Any CPU
		{6E9E040B-268D-55F1-27F4-ED173DAEB1CC}.Debug|Any CPU.ActiveCfg = Debug|Any CPU
		{6E9E040B-268D-55F1-27F4-ED173DAEB1CC}.Debug|Any CPU.Build.0 = Debug|Any CPU
		{6E9E040B-268D-55F1-27F4-ED173DAEB1CC}.Release|Any CPU.ActiveCfg = Release|Any CPU
		{6E9E040B-268D-55F1-27F4-ED173DAEB1CC}.Release|Any CPU.Build.0 = Release|Any CPU
		{783B3DD6-0BBB-39C8-8EE3-3E81B66C73A2}.Debug|Any CPU.ActiveCfg = Debug|Any CPU
		{783B3DD6-0BBB-39C8-8EE3-3E81B66C73A2}.Debug|Any CPU.Build.0 = Debug|Any CPU
		{783B3DD6-0BBB-39C8-8EE3-3E81B66C73A2}.Release|Any CPU.ActiveCfg = Release|Any CPU
		{783B3DD6-0BBB-39C8-8EE3-3E81B66C73A2}.Release|Any CPU.Build.0 = Release|Any CPU
		{2925B2A8-475E-B72F-8311-216DB615C1B9}.Debug|Any CPU.ActiveCfg = Debug|Any CPU
		{2925B2A8-475E-B72F-8311-216DB615C1B9}.Debug|Any CPU.Build.0 = Debug|Any CPU
		{2925B2A8-475E-B72F-8311-216DB615C1B9}.Release|Any CPU.ActiveCfg = Release|Any CPU
		{2925B2A8-475E-B72F-8311-216DB615C1B9}.Release|Any CPU.Build.0 = Release|Any CPU
		{4A1C6246-FCF7-014E-42D5-5EA7A4A26B57}.Debug|Any CPU.ActiveCfg = Debug|Any CPU
		{4A1C6246-FCF7-014E-42D5-5EA7A4A26B57}.Debug|Any CPU.Build.0 = Debug|Any CPU
		{4A1C6246-FCF7-014E-42D5-5EA7A4A26B57}.Release|Any CPU.ActiveCfg = Release|Any CPU
		{4A1C6246-FCF7-014E-42D5-5EA7A4A26B57}.Release|Any CPU.Build.0 = Release|Any CPU
		{04CA8431-B550-A957-9489-ED2E4358A21C}.Debug|Any CPU.ActiveCfg = Debug|Any CPU
		{04CA8431-B550-A957-9489-ED2E4358A21C}.Debug|Any CPU.Build.0 = Debug|Any CPU
		{04CA8431-B550-A957-9489-ED2E4358A21C}.Release|Any CPU.ActiveCfg = Release|Any CPU
		{04CA8431-B550-A957-9489-ED2E4358A21C}.Release|Any CPU.Build.0 = Release|Any CPU
		{A250338F-7560-0EF5-A239-9AB7FAD08FB6}.Debug|Any CPU.ActiveCfg = Debug|Any CPU
		{A250338F-7560-0EF5-A239-9AB7FAD08FB6}.Debug|Any CPU.Build.0 = Debug|Any CPU
		{A250338F-7560-0EF5-A239-9AB7FAD08FB6}.Release|Any CPU.ActiveCfg = Release|Any CPU
		{A250338F-7560-0EF5-A239-9AB7FAD08FB6}.Release|Any CPU.Build.0 = Release|Any CPU
		{B47E7649-2DDE-908C-8092-BB31C1B33D06}.Debug|Any CPU.ActiveCfg = Debug|Any CPU
		{B47E7649-2DDE-908C-8092-BB31C1B33D06}.Debug|Any CPU.Build.0 = Debug|Any CPU
		{B47E7649-2DDE-908C-8092-BB31C1B33D06}.Release|Any CPU.ActiveCfg = Release|Any CPU
		{B47E7649-2DDE-908C-8092-BB31C1B33D06}.Release|Any CPU.Build.0 = Release|Any CPU
		{B2426698-6ADB-F4F0-E101-E1FA7B9C693B}.Debug|Any CPU.ActiveCfg = Debug|Any CPU
		{B2426698-6ADB-F4F0-E101-E1FA7B9C693B}.Debug|Any CPU.Build.0 = Debug|Any CPU
		{B2426698-6ADB-F4F0-E101-E1FA7B9C693B}.Release|Any CPU.ActiveCfg = Release|Any CPU
		{B2426698-6ADB-F4F0-E101-E1FA7B9C693B}.Release|Any CPU.Build.0 = Release|Any CPU
		{D7982D40-8703-F134-CE20-AF622BBD65A7}.Debug|Any CPU.ActiveCfg = Debug|Any CPU
		{D7982D40-8703-F134-CE20-AF622BBD65A7}.Debug|Any CPU.Build.0 = Debug|Any CPU
		{D7982D40-8703-F134-CE20-AF622BBD65A7}.Release|Any CPU.ActiveCfg = Release|Any CPU
		{D7982D40-8703-F134-CE20-AF622BBD65A7}.Release|Any CPU.Build.0 = Release|Any CPU
		{0007F6C5-E358-7F08-4534-6A2433E22A9B}.Debug|Any CPU.ActiveCfg = Debug|Any CPU
		{0007F6C5-E358-7F08-4534-6A2433E22A9B}.Debug|Any CPU.Build.0 = Debug|Any CPU
		{0007F6C5-E358-7F08-4534-6A2433E22A9B}.Release|Any CPU.ActiveCfg = Release|Any CPU
		{0007F6C5-E358-7F08-4534-6A2433E22A9B}.Release|Any CPU.Build.0 = Release|Any CPU
		{C9A4A878-96E4-202B-9DC2-8CD186DC5BD9}.Debug|Any CPU.ActiveCfg = Debug|Any CPU
		{C9A4A878-96E4-202B-9DC2-8CD186DC5BD9}.Debug|Any CPU.Build.0 = Debug|Any CPU
		{C9A4A878-96E4-202B-9DC2-8CD186DC5BD9}.Release|Any CPU.ActiveCfg = Release|Any CPU
		{C9A4A878-96E4-202B-9DC2-8CD186DC5BD9}.Release|Any CPU.Build.0 = Release|Any CPU
		{6C92DD15-A723-3F43-FE55-B0E3EFC700D6}.Debug|Any CPU.ActiveCfg = Debug|Any CPU
		{6C92DD15-A723-3F43-FE55-B0E3EFC700D6}.Debug|Any CPU.Build.0 = Debug|Any CPU
		{6C92DD15-A723-3F43-FE55-B0E3EFC700D6}.Release|Any CPU.ActiveCfg = Release|Any CPU
		{6C92DD15-A723-3F43-FE55-B0E3EFC700D6}.Release|Any CPU.Build.0 = Release|Any CPU
		{482E62AC-4D55-772C-8844-7BDCF1D4D5F4}.Debug|Any CPU.ActiveCfg = Debug|Any CPU
		{482E62AC-4D55-772C-8844-7BDCF1D4D5F4}.Debug|Any CPU.Build.0 = Debug|Any CPU
		{482E62AC-4D55-772C-8844-7BDCF1D4D5F4}.Release|Any CPU.ActiveCfg = Release|Any CPU
		{482E62AC-4D55-772C-8844-7BDCF1D4D5F4}.Release|Any CPU.Build.0 = Release|Any CPU
		{B4FE6A75-7E5E-8A54-F92E-777E85B8FE86}.Debug|Any CPU.ActiveCfg = Debug|Any CPU
		{B4FE6A75-7E5E-8A54-F92E-777E85B8FE86}.Debug|Any CPU.Build.0 = Debug|Any CPU
		{B4FE6A75-7E5E-8A54-F92E-777E85B8FE86}.Release|Any CPU.ActiveCfg = Release|Any CPU
		{B4FE6A75-7E5E-8A54-F92E-777E85B8FE86}.Release|Any CPU.Build.0 = Release|Any CPU
		{61FABDF2-0C84-A434-6631-BAE4B1263DAE}.Debug|Any CPU.ActiveCfg = Debug|Any CPU
		{61FABDF2-0C84-A434-6631-BAE4B1263DAE}.Debug|Any CPU.Build.0 = Debug|Any CPU
		{61FABDF2-0C84-A434-6631-BAE4B1263DAE}.Release|Any CPU.ActiveCfg = Release|Any CPU
		{61FABDF2-0C84-A434-6631-BAE4B1263DAE}.Release|Any CPU.Build.0 = Release|Any CPU
	EndGlobalSection
	GlobalSection(SolutionProperties) = preSolution
		HideSolutionNode = FALSE
	EndGlobalSection
	GlobalSection(NestedProjects) = preSolution
		{5686F7F7-B6BB-40D6-A0BC-BA7D8A853981} = {A561CE66-E97D-4520-B4EB-5AA4F199CDEE}
		{859FF76A-263A-4C97-A9BE-944BEF6BC3DF} = {A561CE66-E97D-4520-B4EB-5AA4F199CDEE}
		{AEEA38DD-12D9-4A3B-A544-99FA1FC0E53F} = {A561CE66-E97D-4520-B4EB-5AA4F199CDEE}
		{9E40559E-A172-43FE-AEA9-53F5F9EF03E6} = {5686F7F7-B6BB-40D6-A0BC-BA7D8A853981}
		{E1024876-8C47-4EF0-B883-D926CB0AADED} = {5686F7F7-B6BB-40D6-A0BC-BA7D8A853981}
		{9DA0D5F4-0AB9-46A9-8ACF-6396C4E351D1} = {A561CE66-E97D-4520-B4EB-5AA4F199CDEE}
		{7E06E09F-C254-4DC5-8D64-9E5E3DF179FF} = {33BBF78A-2694-42EB-A36C-B9411D95E70D}
		{7271F543-2F6B-4BEB-B05F-9AB1D68AA5E9} = {859FF76A-263A-4C97-A9BE-944BEF6BC3DF}
		{EC1975E7-2840-4118-93BE-8EA432C0883B} = {5686F7F7-B6BB-40D6-A0BC-BA7D8A853981}
		{19665F53-60F8-4B32-BADF-C5BC5070EF5A} = {FE7EB757-F44A-4C1A-9561-AD0793CC8671}
		{11E752F7-CDB2-46D1-8AEB-FFDC845AA936} = {5686F7F7-B6BB-40D6-A0BC-BA7D8A853981}
		{EA773367-D1CB-470C-9DB7-8E87CA9D637E} = {A561CE66-E97D-4520-B4EB-5AA4F199CDEE}
		{625E0A0B-6380-4410-9C64-E10B8DAA3FDE} = {5686F7F7-B6BB-40D6-A0BC-BA7D8A853981}
		{8195D81B-E5FE-4026-B6FE-28B7616330EA} = {5686F7F7-B6BB-40D6-A0BC-BA7D8A853981}
		{9634ABFA-5784-4270-9402-DF2AA7E5DE97} = {AEEA38DD-12D9-4A3B-A544-99FA1FC0E53F}
		{653FCCAF-7A2D-4C7F-B913-4220C8085D1B} = {5686F7F7-B6BB-40D6-A0BC-BA7D8A853981}
		{210DE8DA-98F3-4C74-A2B9-8E04CC2A53C2} = {653FCCAF-7A2D-4C7F-B913-4220C8085D1B}
		{905046F5-9383-4CE1-BA5E-969C239A1EE1} = {5686F7F7-B6BB-40D6-A0BC-BA7D8A853981}
		{5E509AA8-6B26-496A-8350-16E8454F5B7A} = {859FF76A-263A-4C97-A9BE-944BEF6BC3DF}
		{A734412A-AA48-48D0-BBE5-7B55AA7AD436} = {859FF76A-263A-4C97-A9BE-944BEF6BC3DF}
		{CA6483AB-5DF0-4814-BEA9-A1C58DECB1C0} = {859FF76A-263A-4C97-A9BE-944BEF6BC3DF}
		{83EBB73D-3ED5-460A-810B-B1DFE70DB5BE} = {859FF76A-263A-4C97-A9BE-944BEF6BC3DF}
		{72B66376-1931-465B-8FA1-F0A8D07499B0} = {859FF76A-263A-4C97-A9BE-944BEF6BC3DF}
		{9C32D253-E34F-42DA-A487-D79FD1D910E7} = {859FF76A-263A-4C97-A9BE-944BEF6BC3DF}
		{00FE4F1B-667C-40F9-B1B3-13A84EBA0353} = {859FF76A-263A-4C97-A9BE-944BEF6BC3DF}
		{AAF0C89B-36E3-4E87-9BAE-2200C6867D5D} = {5686F7F7-B6BB-40D6-A0BC-BA7D8A853981}
		{A35E24AD-E104-4BEE-A5B1-3AAAA75526E1} = {D83E9825-17AC-4AE9-83D9-CBE9DDCC59F6}
		{E8DA4936-DE7D-4A3F-B475-F8521B260F03} = {D83E9825-17AC-4AE9-83D9-CBE9DDCC59F6}
		{6A1E553C-D08A-4DC3-AD96-517C6A830412} = {D83E9825-17AC-4AE9-83D9-CBE9DDCC59F6}
		{6F27881E-B40E-4A9D-AFDB-032162D865D5} = {AEEA38DD-12D9-4A3B-A544-99FA1FC0E53F}
		{D83E9825-17AC-4AE9-83D9-CBE9DDCC59F6} = {AEEA38DD-12D9-4A3B-A544-99FA1FC0E53F}
		{7BE105C3-AC06-4F62-B258-B76667C957EB} = {AEEA38DD-12D9-4A3B-A544-99FA1FC0E53F}
		{4079322D-B510-4E4F-92EE-9C4D867BEE24} = {FE7EB757-F44A-4C1A-9561-AD0793CC8671}
		{A71FC810-F621-470F-8BC4-28E31DD10C62} = {D83E9825-17AC-4AE9-83D9-CBE9DDCC59F6}
		{9EE193BC-4AE0-4985-B24D-EC56D12FF87E} = {5686F7F7-B6BB-40D6-A0BC-BA7D8A853981}
		{707474FC-C17D-47B9-A7AA-2A792D4A464D} = {FE7EB757-F44A-4C1A-9561-AD0793CC8671}
		{6199B55A-3481-404D-80E3-CF146C730EB8} = {AEEA38DD-12D9-4A3B-A544-99FA1FC0E53F}
		{92DF14BD-7098-4F9F-8D42-37260F6DF7BD} = {AEEA38DD-12D9-4A3B-A544-99FA1FC0E53F}
		{9AAF661E-F07F-4B29-98F7-B540895529F2} = {AEEA38DD-12D9-4A3B-A544-99FA1FC0E53F}
		{FE7EB757-F44A-4C1A-9561-AD0793CC8671} = {AEEA38DD-12D9-4A3B-A544-99FA1FC0E53F}
		{33BBF78A-2694-42EB-A36C-B9411D95E70D} = {AEEA38DD-12D9-4A3B-A544-99FA1FC0E53F}
		{7E47C1D1-1EA6-4AA1-A274-52EBE6EA1578} = {EA773367-D1CB-470C-9DB7-8E87CA9D637E}
		{8A574EDF-59E2-44F6-BE08-8CE2D2D7B783} = {EA773367-D1CB-470C-9DB7-8E87CA9D637E}
		{5ED512C8-2FD2-8F58-32D5-074EC6FD7826} = {33BBF78A-2694-42EB-A36C-B9411D95E70D}
		{1221D999-8B71-53A7-42A9-9D7A7ECF5802} = {AEEA38DD-12D9-4A3B-A544-99FA1FC0E53F}
		{E3A2505C-8C80-4AB3-8C6D-BFC3DDFF1937} = {A561CE66-E97D-4520-B4EB-5AA4F199CDEE}
		{36286538-A74C-D71B-584D-988851E5B3E8} = {E3A2505C-8C80-4AB3-8C6D-BFC3DDFF1937}
		{C7E08E4A-037A-2523-DBAA-E4A061DD8BA8} = {E3A2505C-8C80-4AB3-8C6D-BFC3DDFF1937}
		{61013460-CF64-9124-1200-58CEDD3265EA} = {9DA0D5F4-0AB9-46A9-8ACF-6396C4E351D1}
		{7098A703-E119-5988-544C-1BB7C49F9750} = {9DA0D5F4-0AB9-46A9-8ACF-6396C4E351D1}
		{30C3C940-6ACC-6B57-5398-4D77C322B540} = {9DA0D5F4-0AB9-46A9-8ACF-6396C4E351D1}
		{66CB86E3-954D-A24A-C9DA-DCB6861A8C23} = {EA773367-D1CB-470C-9DB7-8E87CA9D637E}
		{946001B5-72F8-D898-9D15-85C058C15548} = {EA773367-D1CB-470C-9DB7-8E87CA9D637E}
		{C49CD5A6-274D-A8AF-4C46-61C189A3ED7F} = {EA773367-D1CB-470C-9DB7-8E87CA9D637E}
		{F9B0700A-801C-1FA5-DE84-BD17ADF837CA} = {EA773367-D1CB-470C-9DB7-8E87CA9D637E}
		{EA1BA0DE-FA18-60AB-0DE6-36B3306FD2E4} = {EA773367-D1CB-470C-9DB7-8E87CA9D637E}
		{AA74F6BB-7D47-07DE-80CE-EF4AACD5D9AD} = {EA773367-D1CB-470C-9DB7-8E87CA9D637E}
		{5F890602-5CBB-3460-4214-45EBD825439E} = {EA773367-D1CB-470C-9DB7-8E87CA9D637E}
		{679D994D-12A5-7716-56E6-CB61B77B71BF} = {8A574EDF-59E2-44F6-BE08-8CE2D2D7B783}
		{1B45328B-2565-7886-1951-9942D1BB36D8} = {8A574EDF-59E2-44F6-BE08-8CE2D2D7B783}
		{65FF26F9-BB4D-0676-D1BC-07141AB8030F} = {8A574EDF-59E2-44F6-BE08-8CE2D2D7B783}
		{39568A28-5240-E978-28CB-777697ADC3E0} = {8A574EDF-59E2-44F6-BE08-8CE2D2D7B783}
		{9F3AF3FD-52A1-3AD7-C403-A4C77DDD3476} = {7E47C1D1-1EA6-4AA1-A274-52EBE6EA1578}
		{442AD7DE-89E8-4738-4A0D-E38929707091} = {7E47C1D1-1EA6-4AA1-A274-52EBE6EA1578}
		{ADBC1647-B095-8380-CADA-C7C51C78E6ED} = {7E47C1D1-1EA6-4AA1-A274-52EBE6EA1578}
		{19ED34A0-7325-13C0-77CE-186C61695EC3} = {7E47C1D1-1EA6-4AA1-A274-52EBE6EA1578}
		{0D4EAFAF-3E63-DFF7-52DC-F07B5F8981B5} = {7E47C1D1-1EA6-4AA1-A274-52EBE6EA1578}
		{4788B6CB-30CA-C7BE-D56C-5C53B82F5437} = {6199B55A-3481-404D-80E3-CF146C730EB8}
		{8F15FEB4-798B-9223-4A48-A4DB329110D3} = {6199B55A-3481-404D-80E3-CF146C730EB8}
		{B97EFA82-025D-21EA-DFF4-E1DC6A470A9B} = {6199B55A-3481-404D-80E3-CF146C730EB8}
		{F949CC05-1C1F-B79C-B70E-CF784B2BADD8} = {6199B55A-3481-404D-80E3-CF146C730EB8}
		{6E9E040B-268D-55F1-27F4-ED173DAEB1CC} = {92DF14BD-7098-4F9F-8D42-37260F6DF7BD}
		{783B3DD6-0BBB-39C8-8EE3-3E81B66C73A2} = {92DF14BD-7098-4F9F-8D42-37260F6DF7BD}
		{2925B2A8-475E-B72F-8311-216DB615C1B9} = {92DF14BD-7098-4F9F-8D42-37260F6DF7BD}
		{4A1C6246-FCF7-014E-42D5-5EA7A4A26B57} = {92DF14BD-7098-4F9F-8D42-37260F6DF7BD}
		{04CA8431-B550-A957-9489-ED2E4358A21C} = {9AAF661E-F07F-4B29-98F7-B540895529F2}
		{A250338F-7560-0EF5-A239-9AB7FAD08FB6} = {9AAF661E-F07F-4B29-98F7-B540895529F2}
		{B47E7649-2DDE-908C-8092-BB31C1B33D06} = {7BE105C3-AC06-4F62-B258-B76667C957EB}
		{B2426698-6ADB-F4F0-E101-E1FA7B9C693B} = {7BE105C3-AC06-4F62-B258-B76667C957EB}
		{D7982D40-8703-F134-CE20-AF622BBD65A7} = {7BE105C3-AC06-4F62-B258-B76667C957EB}
		{0007F6C5-E358-7F08-4534-6A2433E22A9B} = {7BE105C3-AC06-4F62-B258-B76667C957EB}
		{C9A4A878-96E4-202B-9DC2-8CD186DC5BD9} = {6F27881E-B40E-4A9D-AFDB-032162D865D5}
		{6C92DD15-A723-3F43-FE55-B0E3EFC700D6} = {6F27881E-B40E-4A9D-AFDB-032162D865D5}
		{482E62AC-4D55-772C-8844-7BDCF1D4D5F4} = {6F27881E-B40E-4A9D-AFDB-032162D865D5}
		{B4FE6A75-7E5E-8A54-F92E-777E85B8FE86} = {6F27881E-B40E-4A9D-AFDB-032162D865D5}
		{61FABDF2-0C84-A434-6631-BAE4B1263DAE} = {6F27881E-B40E-4A9D-AFDB-032162D865D5}
	EndGlobalSection
	GlobalSection(ExtensibilityGlobals) = postSolution
		SolutionGuid = {3787FEEA-6175-4B41-A979-51B2D1E11B8D}
	EndGlobalSection
EndGlobal
