
Microsoft Visual Studio Solution File, Format Version 12.00
# Visual Studio Version 17
VisualStudioVersion = 17.4.33213.308
MinimumVisualStudioVersion = 10.0.40219.1
Project("{2150E333-8FDC-42A3-9474-1A3956D46DE8}") = "Source", "Source", "{A561CE66-E97D-4520-B4EB-5AA4F199CDEE}"
EndProject
Project("{2150E333-8FDC-42A3-9474-1A3956D46DE8}") = "Applications", "Applications", "{5686F7F7-B6BB-40D6-A0BC-BA7D8A853981}"
EndProject
Project("{2150E333-8FDC-42A3-9474-1A3956D46DE8}") = "Tests", "Tests", "{70D0EDDE-0720-4497-8171-A5A54C491B5E}"
EndProject
Project("{2150E333-8FDC-42A3-9474-1A3956D46DE8}") = "API", "API", "{859FF76A-263A-4C97-A9BE-944BEF6BC3DF}"
EndProject
Project("{2150E333-8FDC-42A3-9474-1A3956D46DE8}") = "Infrastructure", "Infrastructure", "{AEEA38DD-12D9-4A3B-A544-99FA1FC0E53F}"
EndProject
Project("{9A19103F-16F7-4668-BE54-9A1E7A4F7556}") = "LetsTalk.Server.API", "LetsTalk.Server.API\LetsTalk.Server.API.csproj", "{9E40559E-A172-43FE-AEA9-53F5F9EF03E6}"
EndProject
Project("{9A19103F-16F7-4668-BE54-9A1E7A4F7556}") = "LetsTalk.Server.Domain", "LetsTalk.Server.Domain\LetsTalk.Server.Domain.csproj", "{3E3C835C-05D1-4F67-9184-E205F723791D}"
EndProject
Project("{9A19103F-16F7-4668-BE54-9A1E7A4F7556}") = "LetsTalk.Server.Persistence", "LetsTalk.Server.Persistence\LetsTalk.Server.Persistence.csproj", "{EABF9426-D71D-4398-95CC-7FAF9B8D2DA0}"
EndProject
Project("{9A19103F-16F7-4668-BE54-9A1E7A4F7556}") = "LetsTalk.Server.Authentication", "LetsTalk.Server.Authentication\LetsTalk.Server.Authentication.csproj", "{E1024876-8C47-4EF0-B883-D926CB0AADED}"
EndProject
Project("{9A19103F-16F7-4668-BE54-9A1E7A4F7556}") = "LetsTalk.Server.AuthenticationClient", "LetsTalk.Server.AuthenticationClient\LetsTalk.Server.AuthenticationClient.csproj", "{C6EEB58A-B080-4916-BECC-C6CF978A964A}"
EndProject
Project("{2150E333-8FDC-42A3-9474-1A3956D46DE8}") = "Models", "Models", "{9DA0D5F4-0AB9-46A9-8ACF-6396C4E351D1}"
EndProject
Project("{9A19103F-16F7-4668-BE54-9A1E7A4F7556}") = "LetsTalk.Server.Exceptions", "LetsTalk.Server.Exceptions\LetsTalk.Server.Exceptions.csproj", "{BDC1EA71-2D06-44C8-9BAF-003658579D71}"
EndProject
Project("{9A19103F-16F7-4668-BE54-9A1E7A4F7556}") = "LetsTalk.Server.Logging", "LetsTalk.Server.Logging\LetsTalk.Server.Logging.csproj", "{0DF8748A-056D-4271-AD56-927A41FD8989}"
EndProject
Project("{9A19103F-16F7-4668-BE54-9A1E7A4F7556}") = "LetsTalk.Server.Logging.Abstractions", "LetsTalk.Server.Logging.Abstractions\LetsTalk.Server.Logging.Abstractions.csproj", "{C58A2D30-C0F1-4B53-A0D5-7C05AC37CB0E}"
EndProject
Project("{9A19103F-16F7-4668-BE54-9A1E7A4F7556}") = "LetsTalk.Server.Authentication.Abstractions", "LetsTalk.Server.Authentication.Abstractions\LetsTalk.Server.Authentication.Abstractions.csproj", "{7E06E09F-C254-4DC5-8D64-9E5E3DF179FF}"
EndProject
Project("{2150E333-8FDC-42A3-9474-1A3956D46DE8}") = "Abstractions", "Abstractions", "{E84BF77F-9A2C-4620-AAF0-B1E2D9E3BA88}"
EndProject
Project("{9A19103F-16F7-4668-BE54-9A1E7A4F7556}") = "LetsTalk.Server.API.Models", "LetsTalk.Server.API.Models\LetsTalk.Server.API.Models.csproj", "{7271F543-2F6B-4BEB-B05F-9AB1D68AA5E9}"
EndProject
Project("{9A19103F-16F7-4668-BE54-9A1E7A4F7556}") = "LetsTalk.Server.Dto.Models", "LetsTalk.Server.Dto.Models\LetsTalk.Server.Dto.Models.csproj", "{2F5F3051-A77E-494F-8149-597D341FD4B3}"
EndProject
Project("{9A19103F-16F7-4668-BE54-9A1E7A4F7556}") = "LetsTalk.Server.Notifications", "LetsTalk.Server.Notifications\LetsTalk.Server.Notifications.csproj", "{EC1975E7-2840-4118-93BE-8EA432C0883B}"
EndProject
Project("{9A19103F-16F7-4668-BE54-9A1E7A4F7556}") = "LetsTalk.Server.Configuration", "LetsTalk.Server.Configuration\LetsTalk.Server.Configuration.csproj", "{19665F53-60F8-4B32-BADF-C5BC5070EF5A}"
EndProject
Project("{9A19103F-16F7-4668-BE54-9A1E7A4F7556}") = "LetsTalk.Server.LinkPreview", "LetsTalk.Server.LinkPreview\LetsTalk.Server.LinkPreview.csproj", "{11E752F7-CDB2-46D1-8AEB-FFDC845AA936}"
EndProject
Project("{2150E333-8FDC-42A3-9474-1A3956D46DE8}") = "Persistence", "Persistence", "{EA773367-D1CB-470C-9DB7-8E87CA9D637E}"
EndProject
Project("{9A19103F-16F7-4668-BE54-9A1E7A4F7556}") = "LetsTalk.Server.Persistence.Enums", "LetsTalk.Server.Persistence.Enums\LetsTalk.Server.Persistence.Enums.csproj", "{CF0EEACD-0876-43D3-965F-C3F34C00E8B1}"
EndProject
Project("{9A19103F-16F7-4668-BE54-9A1E7A4F7556}") = "LetsTalk.Server.FileStorage.Service", "LetsTalk.Server.FileStorage.Service\LetsTalk.Server.FileStorage.Service.csproj", "{625E0A0B-6380-4410-9C64-E10B8DAA3FDE}"
EndProject
Project("{9A19103F-16F7-4668-BE54-9A1E7A4F7556}") = "LetsTalk.Server.ImageProcessing.Service", "LetsTalk.Server.ImageProcessing.Service\LetsTalk.Server.ImageProcessing.Service.csproj", "{8195D81B-E5FE-4026-B6FE-28B7616330EA}"
EndProject
Project("{9A19103F-16F7-4668-BE54-9A1E7A4F7556}") = "LetsTalk.Server.Kafka.Models", "LetsTalk.Server.Kafka.Models\LetsTalk.Server.Kafka.Models.csproj", "{4E29B863-F73F-4529-AE55-568F97319F88}"
EndProject
Project("{9A19103F-16F7-4668-BE54-9A1E7A4F7556}") = "LetsTalk.Server.DependencyInjection", "LetsTalk.Server.DependencyInjection\LetsTalk.Server.DependencyInjection.csproj", "{9634ABFA-5784-4270-9402-DF2AA7E5DE97}"
EndProject
Project("{9A19103F-16F7-4668-BE54-9A1E7A4F7556}") = "LetsTalk.Server.Persistence.AgnosticServices.Abstractions", "LetsTalk.Server.Persistence.AgnosticServices.Abstractions\LetsTalk.Server.Persistence.AgnosticServices.Abstractions.csproj", "{052DE193-AB20-46C1-A678-166182065399}"
EndProject
Project("{9A19103F-16F7-4668-BE54-9A1E7A4F7556}") = "LetsTalk.Server.Persistence.EntityFramework.Services", "LetsTalk.Server.Persistence.EntityFramework.Services\LetsTalk.Server.Persistence.EntityFramework.Services.csproj", "{44572F63-ED9F-44E5-B330-901EA6EC076C}"
EndProject
Project("{9A19103F-16F7-4668-BE54-9A1E7A4F7556}") = "LetsTalk.Server.Persistence.EntityFramework.Repository", "LetsTalk.Server.Persistence.EntityFramework.Repository\LetsTalk.Server.Persistence.EntityFramework.Repository.csproj", "{3B5E0771-5D08-40F5-914C-B8693E1E26B6}"
EndProject
Project("{9A19103F-16F7-4668-BE54-9A1E7A4F7556}") = "LetsTalk.Server.Persistence.EntityFramework.Repository.Abstractions", "LetsTalk.Server.Persistence.EntityFramework.Repository.Abstractions\LetsTalk.Server.Persistence.EntityFramework.Repository.Abstractions.csproj", "{551B85DF-E337-493D-88DB-3447A7BFA947}"
EndProject
Project("{9A19103F-16F7-4668-BE54-9A1E7A4F7556}") = "LetsTalk.Server.Persistence.MongoDB.Services", "LetsTalk.Server.Persistence.MongoDB.Services\LetsTalk.Server.Persistence.MongoDB.Services.csproj", "{B12EB2B7-62E7-4BFD-94E9-10B5252D0305}"
EndProject
Project("{9A19103F-16F7-4668-BE54-9A1E7A4F7556}") = "LetsTalk.Server.Persistence.MongoDB.Repository", "LetsTalk.Server.Persistence.MongoDB.Repository\LetsTalk.Server.Persistence.MongoDB.Repository.csproj", "{C29D4D60-83F8-4368-AF38-509D2AD5D9AE}"
EndProject
Project("{9A19103F-16F7-4668-BE54-9A1E7A4F7556}") = "LetsTalk.Server.Persistence.MongoDB.Models", "LetsTalk.Server.Persistence.MongoDB.Models\LetsTalk.Server.Persistence.MongoDB.Models.csproj", "{1E5CF9B7-0D33-4514-9B23-04772B6EC9BA}"
EndProject
Project("{9A19103F-16F7-4668-BE54-9A1E7A4F7556}") = "LetsTalk.Server.Persistence.MongoDB.Repository.Abstractions", "LetsTalk.Server.Persistence.MongoDB.Repository.Abstractions\LetsTalk.Server.Persistence.MongoDB.Repository.Abstractions.csproj", "{C6A46CAA-6494-4CFF-834B-19831F8DCD3B}"
EndProject
Project("{9A19103F-16F7-4668-BE54-9A1E7A4F7556}") = "LetsTalk.Server.Persistence.AgnosticServices", "LetsTalk.Server.Persistence.AgnosticServices\LetsTalk.Server.Persistence.AgnosticServices.csproj", "{9AE5AFF7-615D-482D-90C7-62CD710DD76D}"
EndProject
Project("{2150E333-8FDC-42A3-9474-1A3956D46DE8}") = "Tools", "Tools", "{653FCCAF-7A2D-4C7F-B913-4220C8085D1B}"
EndProject
Project("{9A19103F-16F7-4668-BE54-9A1E7A4F7556}") = "LetsTalk.Server.Tools.ExtractImageInfo", "LetsTalk.Server.Tools.ExtractImageInfo\LetsTalk.Server.Tools.ExtractImageInfo.csproj", "{210DE8DA-98F3-4C74-A2B9-8E04CC2A53C2}"
EndProject
Project("{9A19103F-16F7-4668-BE54-9A1E7A4F7556}") = "LetsTalk.Server.SignPackage", "LetsTalk.Server.SignPackage\LetsTalk.Server.SignPackage.csproj", "{7166237F-0B74-4EDF-A9E7-27C78EC713B8}"
EndProject
Project("{9A19103F-16F7-4668-BE54-9A1E7A4F7556}") = "LetsTalk.Server.SignPackage.Abstractions", "LetsTalk.Server.SignPackage.Abstractions\LetsTalk.Server.SignPackage.Abstractions.csproj", "{430FAF3B-64CB-4701-B625-6C0B5620EF64}"
EndProject
Project("{9A19103F-16F7-4668-BE54-9A1E7A4F7556}") = "LetsTalk.Server.Persistence.AgnosticServices.Models", "LetsTalk.Server.Persistence.AgnosticServices.Models\LetsTalk.Server.Persistence.AgnosticServices.Models.csproj", "{D8D6A9E7-3395-4507-9404-A09D98D03F80}"
EndProject
Project("{9A19103F-16F7-4668-BE54-9A1E7A4F7556}") = "LetsTalk.Server.Utility.Common", "LetsTalk.Server.Utility.Common\LetsTalk.Server.Utility.Common.csproj", "{B5712DBA-5E7A-4660-BE94-ABE642CA7397}"
EndProject
Project("{9A19103F-16F7-4668-BE54-9A1E7A4F7556}") = "LetsTalk.Server.EmailService", "LetsTalk.Server.EmailService\LetsTalk.Server.EmailService.csproj", "{905046F5-9383-4CE1-BA5E-969C239A1EE1}"
EndProject
Project("{9A19103F-16F7-4668-BE54-9A1E7A4F7556}") = "LetsTalk.Server.API.Core", "LetsTalk.Server.API.Core\LetsTalk.Server.API.Core.csproj", "{5E509AA8-6B26-496A-8350-16E8454F5B7A}"
EndProject
Project("{9A19103F-16F7-4668-BE54-9A1E7A4F7556}") = "LetsTalk.Server.SignPackage.Models", "LetsTalk.Server.SignPackage.Models\LetsTalk.Server.SignPackage.Models.csproj", "{75B54039-D9E0-482D-93C2-6B12A6202920}"
EndProject
Project("{9A19103F-16F7-4668-BE54-9A1E7A4F7556}") = "LetsTalk.Server.LinkPreview.Utility", "LetsTalk.Server.LinkPreview.Utility\LetsTalk.Server.LinkPreview.Utility.csproj", "{1F11AB33-1B2F-4505-93BB-14FCEF745877}"
EndProject
Project("{9A19103F-16F7-4668-BE54-9A1E7A4F7556}") = "LetsTalk.Server.LinkPreview.Utility.Abstractions", "LetsTalk.Server.LinkPreview.Utility.Abstractions\LetsTalk.Server.LinkPreview.Utility.Abstractions.csproj", "{68C9DA54-D3AF-4DD8-A593-3DC6BD4711D9}"
EndProject
Project("{9A19103F-16F7-4668-BE54-9A1E7A4F7556}") = "LetsTalk.Server.Infrastructure.ApiClient", "LetsTalk.Server.Infrastructure.ApiClient\LetsTalk.Server.Infrastructure.ApiClient.csproj", "{B9D70529-799E-49D3-A313-D08C02CB510C}"
EndProject
Project("{9A19103F-16F7-4668-BE54-9A1E7A4F7556}") = "LetsTalk.Server.Persistence.Redis", "LetsTalk.Server.Persistence.Redis\LetsTalk.Server.Persistence.Redis.csproj", "{1C16D372-94D2-4E36-9543-6575EF386637}"
EndProject
Project("{FAE04EC0-301F-11D3-BF4B-00C04F79EFBC}") = "LetsTalk.Server.API.Middleware", "LetsTalk.Server.API.Middleware\LetsTalk.Server.API.Middleware.csproj", "{A734412A-AA48-48D0-BBE5-7B55AA7AD436}"
EndProject
Project("{FAE04EC0-301F-11D3-BF4B-00C04F79EFBC}") = "LetsTalk.Server.API.Validation", "LetsTalk.Server.API.Validation\LetsTalk.Server.API.Validation.csproj", "{CA6483AB-5DF0-4814-BEA9-A1C58DECB1C0}"
EndProject
Project("{FAE04EC0-301F-11D3-BF4B-00C04F79EFBC}") = "LetsTalk.Server.API.Core.Commands", "LetsTalk.Server.API.Core.Commands\LetsTalk.Server.API.Core.Commands.csproj", "{83EBB73D-3ED5-460A-810B-B1DFE70DB5BE}"
EndProject
Project("{FAE04EC0-301F-11D3-BF4B-00C04F79EFBC}") = "LetsTalk.Server.API.Middleware.Tests", "LetsTalk.Server.API.Middleware.Tests\LetsTalk.Server.API.Middleware.Tests.csproj", "{72B66376-1931-465B-8FA1-F0A8D07499B0}"
EndProject
Project("{FAE04EC0-301F-11D3-BF4B-00C04F79EFBC}") = "LetsTalk.Server.SignPackage.Tests", "LetsTalk.Server.SignPackage.Tests\LetsTalk.Server.SignPackage.Tests.csproj", "{A75B8F0A-E2C9-4779-9D62-CE6B6380A2E1}"
EndProject
Project("{FAE04EC0-301F-11D3-BF4B-00C04F79EFBC}") = "LetsTalk.Server.API.Validation.Tests", "LetsTalk.Server.API.Validation.Tests\LetsTalk.Server.API.Validation.Tests.csproj", "{9C32D253-E34F-42DA-A487-D79FD1D910E7}"
EndProject
Project("{FAE04EC0-301F-11D3-BF4B-00C04F79EFBC}") = "LetsTalk.Server.API.Core.Tests", "LetsTalk.Server.API.Core.Tests\LetsTalk.Server.API.Core.Tests.csproj", "{00FE4F1B-667C-40F9-B1B3-13A84EBA0353}"
EndProject
Project("{FAE04EC0-301F-11D3-BF4B-00C04F79EFBC}") = "LetsTalk.Server.Authentication.Tests", "LetsTalk.Server.Authentication.Tests\LetsTalk.Server.Authentication.Tests.csproj", "{AAF0C89B-36E3-4E87-9BAE-2200C6867D5D}"
EndProject
Project("{FAE04EC0-301F-11D3-BF4B-00C04F79EFBC}") = "LetsTalk.Server.FileStorage.AgnosticServices", "LetsTalk.Server.FileStorage.AgnosticServices\LetsTalk.Server.FileStorage.AgnosticServices.csproj", "{A35E24AD-E104-4BEE-A5B1-3AAAA75526E1}"
EndProject
Project("{FAE04EC0-301F-11D3-BF4B-00C04F79EFBC}") = "LetsTalk.Server.FileStorage.Local.Services", "LetsTalk.Server.FileStorage.Local.Services\LetsTalk.Server.FileStorage.Local.Services.csproj", "{E8DA4936-DE7D-4A3F-B475-F8521B260F03}"
EndProject
Project("{FAE04EC0-301F-11D3-BF4B-00C04F79EFBC}") = "LetsTalk.Server.FileStorage.Amazon.Services", "LetsTalk.Server.FileStorage.Amazon.Services\LetsTalk.Server.FileStorage.Amazon.Services.csproj", "{6A1E553C-D08A-4DC3-AD96-517C6A830412}"
EndProject
Project("{FAE04EC0-301F-11D3-BF4B-00C04F79EFBC}") = "LetsTalk.Server.ImageProcessing.ImageResizeEngine", "LetsTalk.Server.ImageProcessing.ImageResizeEngine\LetsTalk.Server.ImageProcessing.ImageResizeEngine.csproj", "{660580E7-7355-49F3-BD76-31C15285660F}"
EndProject
Project("{2150E333-8FDC-42A3-9474-1A3956D46DE8}") = "ImageProcessing", "ImageProcessing", "{6F27881E-B40E-4A9D-AFDB-032162D865D5}"
EndProject
Project("{2150E333-8FDC-42A3-9474-1A3956D46DE8}") = "FileStorage", "FileStorage", "{D83E9825-17AC-4AE9-83D9-CBE9DDCC59F6}"
EndProject
Project("{FAE04EC0-301F-11D3-BF4B-00C04F79EFBC}") = "LetsTalk.Server.ImageProcessing.Utility", "LetsTalk.Server.ImageProcessing.Utility\LetsTalk.Server.ImageProcessing.Utility.csproj", "{AB7C0A94-B17F-42CD-940D-B9A0BFA0B42A}"
EndProject
Project("{FAE04EC0-301F-11D3-BF4B-00C04F79EFBC}") = "LetsTalk.Server.ImageProcessing.ImageResizeEngine.Abstractions", "LetsTalk.Server.ImageProcessing.ImageResizeEngine.Abstractions\LetsTalk.Server.ImageProcessing.ImageResizeEngine.Abstractions.csproj", "{D9F5C6A9-C15F-4BFB-80DE-1171492C35D7}"
EndProject
Project("{FAE04EC0-301F-11D3-BF4B-00C04F79EFBC}") = "LetsTalk.Server.ImageProcessing.Utility.Abstractions", "LetsTalk.Server.ImageProcessing.Utility.Abstractions\LetsTalk.Server.ImageProcessing.Utility.Abstractions.csproj", "{5CFFF141-69EC-4C39-BE8F-C3B0D5948979}"
EndProject
Project("{2150E333-8FDC-42A3-9474-1A3956D46DE8}") = "LinkPreview", "LinkPreview", "{7BE105C3-AC06-4F62-B258-B76667C957EB}"
EndProject
Project("{FAE04EC0-301F-11D3-BF4B-00C04F79EFBC}") = "LetsTalk.Server.Configuration.Abstractions", "LetsTalk.Server.Configuration.Abstractions\LetsTalk.Server.Configuration.Abstractions.csproj", "{4079322D-B510-4E4F-92EE-9C4D867BEE24}"
EndProject
Project("{FAE04EC0-301F-11D3-BF4B-00C04F79EFBC}") = "LetsTalk.Server.FileStorage.Abstractions", "LetsTalk.Server.FileStorage.Abstractions\LetsTalk.Server.FileStorage.Abstractions.csproj", "{A71FC810-F621-470F-8BC4-28E31DD10C62}"
EndProject
Project("{FAE04EC0-301F-11D3-BF4B-00C04F79EFBC}") = "LetsTalk.Server.ImageProcessing.Lambda", "LetsTalk.Server.ImageProcessing.Lambda\LetsTalk.Server.ImageProcessing.Lambda.csproj", "{06356FFF-0E54-4F02-9CF9-FC1DAF6D8AA6}"
EndProject
Project("{FAE04EC0-301F-11D3-BF4B-00C04F79EFBC}") = "LetsTalk.Server.LinkPreview.Lambda", "LetsTalk.Server.LinkPreview.Lambda\LetsTalk.Server.LinkPreview.Lambda.csproj", "{585140F8-4DCA-47A3-A176-855CAD263F93}"
EndProject
Project("{FAE04EC0-301F-11D3-BF4B-00C04F79EFBC}") = "LetsTalk.Server.Persistence.EntityFramework.Services.Tests", "LetsTalk.Server.Persistence.EntityFramework.Services.Tests\LetsTalk.Server.Persistence.EntityFramework.Services.Tests.csproj", "{C544A2B2-743F-4028-935E-9E63A85BA293}"
EndProject
Global
	GlobalSection(SolutionConfigurationPlatforms) = preSolution
		Debug|Any CPU = Debug|Any CPU
		Release|Any CPU = Release|Any CPU
	EndGlobalSection
	GlobalSection(ProjectConfigurationPlatforms) = postSolution
		{9E40559E-A172-43FE-AEA9-53F5F9EF03E6}.Debug|Any CPU.ActiveCfg = Debug|Any CPU
		{9E40559E-A172-43FE-AEA9-53F5F9EF03E6}.Debug|Any CPU.Build.0 = Debug|Any CPU
		{9E40559E-A172-43FE-AEA9-53F5F9EF03E6}.Release|Any CPU.ActiveCfg = Release|Any CPU
		{9E40559E-A172-43FE-AEA9-53F5F9EF03E6}.Release|Any CPU.Build.0 = Release|Any CPU
		{3E3C835C-05D1-4F67-9184-E205F723791D}.Debug|Any CPU.ActiveCfg = Debug|Any CPU
		{3E3C835C-05D1-4F67-9184-E205F723791D}.Debug|Any CPU.Build.0 = Debug|Any CPU
		{3E3C835C-05D1-4F67-9184-E205F723791D}.Release|Any CPU.ActiveCfg = Release|Any CPU
		{3E3C835C-05D1-4F67-9184-E205F723791D}.Release|Any CPU.Build.0 = Release|Any CPU
		{EABF9426-D71D-4398-95CC-7FAF9B8D2DA0}.Debug|Any CPU.ActiveCfg = Debug|Any CPU
		{EABF9426-D71D-4398-95CC-7FAF9B8D2DA0}.Debug|Any CPU.Build.0 = Debug|Any CPU
		{EABF9426-D71D-4398-95CC-7FAF9B8D2DA0}.Release|Any CPU.ActiveCfg = Release|Any CPU
		{EABF9426-D71D-4398-95CC-7FAF9B8D2DA0}.Release|Any CPU.Build.0 = Release|Any CPU
		{E1024876-8C47-4EF0-B883-D926CB0AADED}.Debug|Any CPU.ActiveCfg = Debug|Any CPU
		{E1024876-8C47-4EF0-B883-D926CB0AADED}.Debug|Any CPU.Build.0 = Debug|Any CPU
		{E1024876-8C47-4EF0-B883-D926CB0AADED}.Release|Any CPU.ActiveCfg = Release|Any CPU
		{E1024876-8C47-4EF0-B883-D926CB0AADED}.Release|Any CPU.Build.0 = Release|Any CPU
		{C6EEB58A-B080-4916-BECC-C6CF978A964A}.Debug|Any CPU.ActiveCfg = Debug|Any CPU
		{C6EEB58A-B080-4916-BECC-C6CF978A964A}.Debug|Any CPU.Build.0 = Debug|Any CPU
		{C6EEB58A-B080-4916-BECC-C6CF978A964A}.Release|Any CPU.ActiveCfg = Release|Any CPU
		{C6EEB58A-B080-4916-BECC-C6CF978A964A}.Release|Any CPU.Build.0 = Release|Any CPU
		{BDC1EA71-2D06-44C8-9BAF-003658579D71}.Debug|Any CPU.ActiveCfg = Debug|Any CPU
		{BDC1EA71-2D06-44C8-9BAF-003658579D71}.Debug|Any CPU.Build.0 = Debug|Any CPU
		{BDC1EA71-2D06-44C8-9BAF-003658579D71}.Release|Any CPU.ActiveCfg = Release|Any CPU
		{BDC1EA71-2D06-44C8-9BAF-003658579D71}.Release|Any CPU.Build.0 = Release|Any CPU
		{0DF8748A-056D-4271-AD56-927A41FD8989}.Debug|Any CPU.ActiveCfg = Debug|Any CPU
		{0DF8748A-056D-4271-AD56-927A41FD8989}.Debug|Any CPU.Build.0 = Debug|Any CPU
		{0DF8748A-056D-4271-AD56-927A41FD8989}.Release|Any CPU.ActiveCfg = Release|Any CPU
		{0DF8748A-056D-4271-AD56-927A41FD8989}.Release|Any CPU.Build.0 = Release|Any CPU
		{C58A2D30-C0F1-4B53-A0D5-7C05AC37CB0E}.Debug|Any CPU.ActiveCfg = Debug|Any CPU
		{C58A2D30-C0F1-4B53-A0D5-7C05AC37CB0E}.Debug|Any CPU.Build.0 = Debug|Any CPU
		{C58A2D30-C0F1-4B53-A0D5-7C05AC37CB0E}.Release|Any CPU.ActiveCfg = Release|Any CPU
		{C58A2D30-C0F1-4B53-A0D5-7C05AC37CB0E}.Release|Any CPU.Build.0 = Release|Any CPU
		{7E06E09F-C254-4DC5-8D64-9E5E3DF179FF}.Debug|Any CPU.ActiveCfg = Debug|Any CPU
		{7E06E09F-C254-4DC5-8D64-9E5E3DF179FF}.Debug|Any CPU.Build.0 = Debug|Any CPU
		{7E06E09F-C254-4DC5-8D64-9E5E3DF179FF}.Release|Any CPU.ActiveCfg = Release|Any CPU
		{7E06E09F-C254-4DC5-8D64-9E5E3DF179FF}.Release|Any CPU.Build.0 = Release|Any CPU
		{7271F543-2F6B-4BEB-B05F-9AB1D68AA5E9}.Debug|Any CPU.ActiveCfg = Debug|Any CPU
		{7271F543-2F6B-4BEB-B05F-9AB1D68AA5E9}.Debug|Any CPU.Build.0 = Debug|Any CPU
		{7271F543-2F6B-4BEB-B05F-9AB1D68AA5E9}.Release|Any CPU.ActiveCfg = Release|Any CPU
		{7271F543-2F6B-4BEB-B05F-9AB1D68AA5E9}.Release|Any CPU.Build.0 = Release|Any CPU
		{2F5F3051-A77E-494F-8149-597D341FD4B3}.Debug|Any CPU.ActiveCfg = Debug|Any CPU
		{2F5F3051-A77E-494F-8149-597D341FD4B3}.Debug|Any CPU.Build.0 = Debug|Any CPU
		{2F5F3051-A77E-494F-8149-597D341FD4B3}.Release|Any CPU.ActiveCfg = Release|Any CPU
		{2F5F3051-A77E-494F-8149-597D341FD4B3}.Release|Any CPU.Build.0 = Release|Any CPU
		{EC1975E7-2840-4118-93BE-8EA432C0883B}.Debug|Any CPU.ActiveCfg = Debug|Any CPU
		{EC1975E7-2840-4118-93BE-8EA432C0883B}.Debug|Any CPU.Build.0 = Debug|Any CPU
		{EC1975E7-2840-4118-93BE-8EA432C0883B}.Release|Any CPU.ActiveCfg = Release|Any CPU
		{EC1975E7-2840-4118-93BE-8EA432C0883B}.Release|Any CPU.Build.0 = Release|Any CPU
		{19665F53-60F8-4B32-BADF-C5BC5070EF5A}.Debug|Any CPU.ActiveCfg = Debug|Any CPU
		{19665F53-60F8-4B32-BADF-C5BC5070EF5A}.Debug|Any CPU.Build.0 = Debug|Any CPU
		{19665F53-60F8-4B32-BADF-C5BC5070EF5A}.Release|Any CPU.ActiveCfg = Release|Any CPU
		{19665F53-60F8-4B32-BADF-C5BC5070EF5A}.Release|Any CPU.Build.0 = Release|Any CPU
		{11E752F7-CDB2-46D1-8AEB-FFDC845AA936}.Debug|Any CPU.ActiveCfg = Debug|Any CPU
		{11E752F7-CDB2-46D1-8AEB-FFDC845AA936}.Debug|Any CPU.Build.0 = Debug|Any CPU
		{11E752F7-CDB2-46D1-8AEB-FFDC845AA936}.Release|Any CPU.ActiveCfg = Release|Any CPU
		{11E752F7-CDB2-46D1-8AEB-FFDC845AA936}.Release|Any CPU.Build.0 = Release|Any CPU
		{CF0EEACD-0876-43D3-965F-C3F34C00E8B1}.Debug|Any CPU.ActiveCfg = Debug|Any CPU
		{CF0EEACD-0876-43D3-965F-C3F34C00E8B1}.Debug|Any CPU.Build.0 = Debug|Any CPU
		{CF0EEACD-0876-43D3-965F-C3F34C00E8B1}.Release|Any CPU.ActiveCfg = Release|Any CPU
		{CF0EEACD-0876-43D3-965F-C3F34C00E8B1}.Release|Any CPU.Build.0 = Release|Any CPU
		{625E0A0B-6380-4410-9C64-E10B8DAA3FDE}.Debug|Any CPU.ActiveCfg = Debug|Any CPU
		{625E0A0B-6380-4410-9C64-E10B8DAA3FDE}.Debug|Any CPU.Build.0 = Debug|Any CPU
		{625E0A0B-6380-4410-9C64-E10B8DAA3FDE}.Release|Any CPU.ActiveCfg = Release|Any CPU
		{625E0A0B-6380-4410-9C64-E10B8DAA3FDE}.Release|Any CPU.Build.0 = Release|Any CPU
		{8195D81B-E5FE-4026-B6FE-28B7616330EA}.Debug|Any CPU.ActiveCfg = Debug|Any CPU
		{8195D81B-E5FE-4026-B6FE-28B7616330EA}.Debug|Any CPU.Build.0 = Debug|Any CPU
		{8195D81B-E5FE-4026-B6FE-28B7616330EA}.Release|Any CPU.ActiveCfg = Release|Any CPU
		{8195D81B-E5FE-4026-B6FE-28B7616330EA}.Release|Any CPU.Build.0 = Release|Any CPU
		{4E29B863-F73F-4529-AE55-568F97319F88}.Debug|Any CPU.ActiveCfg = Debug|Any CPU
		{4E29B863-F73F-4529-AE55-568F97319F88}.Debug|Any CPU.Build.0 = Debug|Any CPU
		{4E29B863-F73F-4529-AE55-568F97319F88}.Release|Any CPU.ActiveCfg = Release|Any CPU
		{4E29B863-F73F-4529-AE55-568F97319F88}.Release|Any CPU.Build.0 = Release|Any CPU
		{9634ABFA-5784-4270-9402-DF2AA7E5DE97}.Debug|Any CPU.ActiveCfg = Debug|Any CPU
		{9634ABFA-5784-4270-9402-DF2AA7E5DE97}.Debug|Any CPU.Build.0 = Debug|Any CPU
		{9634ABFA-5784-4270-9402-DF2AA7E5DE97}.Release|Any CPU.ActiveCfg = Release|Any CPU
		{9634ABFA-5784-4270-9402-DF2AA7E5DE97}.Release|Any CPU.Build.0 = Release|Any CPU
		{052DE193-AB20-46C1-A678-166182065399}.Debug|Any CPU.ActiveCfg = Debug|Any CPU
		{052DE193-AB20-46C1-A678-166182065399}.Debug|Any CPU.Build.0 = Debug|Any CPU
		{052DE193-AB20-46C1-A678-166182065399}.Release|Any CPU.ActiveCfg = Release|Any CPU
		{052DE193-AB20-46C1-A678-166182065399}.Release|Any CPU.Build.0 = Release|Any CPU
		{44572F63-ED9F-44E5-B330-901EA6EC076C}.Debug|Any CPU.ActiveCfg = Debug|Any CPU
		{44572F63-ED9F-44E5-B330-901EA6EC076C}.Debug|Any CPU.Build.0 = Debug|Any CPU
		{44572F63-ED9F-44E5-B330-901EA6EC076C}.Release|Any CPU.ActiveCfg = Release|Any CPU
		{44572F63-ED9F-44E5-B330-901EA6EC076C}.Release|Any CPU.Build.0 = Release|Any CPU
		{3B5E0771-5D08-40F5-914C-B8693E1E26B6}.Debug|Any CPU.ActiveCfg = Debug|Any CPU
		{3B5E0771-5D08-40F5-914C-B8693E1E26B6}.Debug|Any CPU.Build.0 = Debug|Any CPU
		{3B5E0771-5D08-40F5-914C-B8693E1E26B6}.Release|Any CPU.ActiveCfg = Release|Any CPU
		{3B5E0771-5D08-40F5-914C-B8693E1E26B6}.Release|Any CPU.Build.0 = Release|Any CPU
		{551B85DF-E337-493D-88DB-3447A7BFA947}.Debug|Any CPU.ActiveCfg = Debug|Any CPU
		{551B85DF-E337-493D-88DB-3447A7BFA947}.Debug|Any CPU.Build.0 = Debug|Any CPU
		{551B85DF-E337-493D-88DB-3447A7BFA947}.Release|Any CPU.ActiveCfg = Release|Any CPU
		{551B85DF-E337-493D-88DB-3447A7BFA947}.Release|Any CPU.Build.0 = Release|Any CPU
		{B12EB2B7-62E7-4BFD-94E9-10B5252D0305}.Debug|Any CPU.ActiveCfg = Debug|Any CPU
		{B12EB2B7-62E7-4BFD-94E9-10B5252D0305}.Debug|Any CPU.Build.0 = Debug|Any CPU
		{B12EB2B7-62E7-4BFD-94E9-10B5252D0305}.Release|Any CPU.ActiveCfg = Release|Any CPU
		{B12EB2B7-62E7-4BFD-94E9-10B5252D0305}.Release|Any CPU.Build.0 = Release|Any CPU
		{C29D4D60-83F8-4368-AF38-509D2AD5D9AE}.Debug|Any CPU.ActiveCfg = Debug|Any CPU
		{C29D4D60-83F8-4368-AF38-509D2AD5D9AE}.Debug|Any CPU.Build.0 = Debug|Any CPU
		{C29D4D60-83F8-4368-AF38-509D2AD5D9AE}.Release|Any CPU.ActiveCfg = Release|Any CPU
		{C29D4D60-83F8-4368-AF38-509D2AD5D9AE}.Release|Any CPU.Build.0 = Release|Any CPU
		{1E5CF9B7-0D33-4514-9B23-04772B6EC9BA}.Debug|Any CPU.ActiveCfg = Debug|Any CPU
		{1E5CF9B7-0D33-4514-9B23-04772B6EC9BA}.Debug|Any CPU.Build.0 = Debug|Any CPU
		{1E5CF9B7-0D33-4514-9B23-04772B6EC9BA}.Release|Any CPU.ActiveCfg = Release|Any CPU
		{1E5CF9B7-0D33-4514-9B23-04772B6EC9BA}.Release|Any CPU.Build.0 = Release|Any CPU
		{C6A46CAA-6494-4CFF-834B-19831F8DCD3B}.Debug|Any CPU.ActiveCfg = Debug|Any CPU
		{C6A46CAA-6494-4CFF-834B-19831F8DCD3B}.Debug|Any CPU.Build.0 = Debug|Any CPU
		{C6A46CAA-6494-4CFF-834B-19831F8DCD3B}.Release|Any CPU.ActiveCfg = Release|Any CPU
		{C6A46CAA-6494-4CFF-834B-19831F8DCD3B}.Release|Any CPU.Build.0 = Release|Any CPU
		{9AE5AFF7-615D-482D-90C7-62CD710DD76D}.Debug|Any CPU.ActiveCfg = Debug|Any CPU
		{9AE5AFF7-615D-482D-90C7-62CD710DD76D}.Debug|Any CPU.Build.0 = Debug|Any CPU
		{9AE5AFF7-615D-482D-90C7-62CD710DD76D}.Release|Any CPU.ActiveCfg = Release|Any CPU
		{9AE5AFF7-615D-482D-90C7-62CD710DD76D}.Release|Any CPU.Build.0 = Release|Any CPU
		{210DE8DA-98F3-4C74-A2B9-8E04CC2A53C2}.Debug|Any CPU.ActiveCfg = Debug|Any CPU
		{210DE8DA-98F3-4C74-A2B9-8E04CC2A53C2}.Debug|Any CPU.Build.0 = Debug|Any CPU
		{210DE8DA-98F3-4C74-A2B9-8E04CC2A53C2}.Release|Any CPU.ActiveCfg = Release|Any CPU
		{210DE8DA-98F3-4C74-A2B9-8E04CC2A53C2}.Release|Any CPU.Build.0 = Release|Any CPU
		{7166237F-0B74-4EDF-A9E7-27C78EC713B8}.Debug|Any CPU.ActiveCfg = Debug|Any CPU
		{7166237F-0B74-4EDF-A9E7-27C78EC713B8}.Debug|Any CPU.Build.0 = Debug|Any CPU
		{7166237F-0B74-4EDF-A9E7-27C78EC713B8}.Release|Any CPU.ActiveCfg = Release|Any CPU
		{7166237F-0B74-4EDF-A9E7-27C78EC713B8}.Release|Any CPU.Build.0 = Release|Any CPU
		{430FAF3B-64CB-4701-B625-6C0B5620EF64}.Debug|Any CPU.ActiveCfg = Debug|Any CPU
		{430FAF3B-64CB-4701-B625-6C0B5620EF64}.Debug|Any CPU.Build.0 = Debug|Any CPU
		{430FAF3B-64CB-4701-B625-6C0B5620EF64}.Release|Any CPU.ActiveCfg = Release|Any CPU
		{430FAF3B-64CB-4701-B625-6C0B5620EF64}.Release|Any CPU.Build.0 = Release|Any CPU
		{D8D6A9E7-3395-4507-9404-A09D98D03F80}.Debug|Any CPU.ActiveCfg = Debug|Any CPU
		{D8D6A9E7-3395-4507-9404-A09D98D03F80}.Debug|Any CPU.Build.0 = Debug|Any CPU
		{D8D6A9E7-3395-4507-9404-A09D98D03F80}.Release|Any CPU.ActiveCfg = Release|Any CPU
		{D8D6A9E7-3395-4507-9404-A09D98D03F80}.Release|Any CPU.Build.0 = Release|Any CPU
		{B5712DBA-5E7A-4660-BE94-ABE642CA7397}.Debug|Any CPU.ActiveCfg = Debug|Any CPU
		{B5712DBA-5E7A-4660-BE94-ABE642CA7397}.Debug|Any CPU.Build.0 = Debug|Any CPU
		{B5712DBA-5E7A-4660-BE94-ABE642CA7397}.Release|Any CPU.ActiveCfg = Release|Any CPU
		{B5712DBA-5E7A-4660-BE94-ABE642CA7397}.Release|Any CPU.Build.0 = Release|Any CPU
		{905046F5-9383-4CE1-BA5E-969C239A1EE1}.Debug|Any CPU.ActiveCfg = Debug|Any CPU
		{905046F5-9383-4CE1-BA5E-969C239A1EE1}.Debug|Any CPU.Build.0 = Debug|Any CPU
		{905046F5-9383-4CE1-BA5E-969C239A1EE1}.Release|Any CPU.ActiveCfg = Release|Any CPU
		{905046F5-9383-4CE1-BA5E-969C239A1EE1}.Release|Any CPU.Build.0 = Release|Any CPU
		{5E509AA8-6B26-496A-8350-16E8454F5B7A}.Debug|Any CPU.ActiveCfg = Debug|Any CPU
		{5E509AA8-6B26-496A-8350-16E8454F5B7A}.Debug|Any CPU.Build.0 = Debug|Any CPU
		{5E509AA8-6B26-496A-8350-16E8454F5B7A}.Release|Any CPU.ActiveCfg = Release|Any CPU
		{5E509AA8-6B26-496A-8350-16E8454F5B7A}.Release|Any CPU.Build.0 = Release|Any CPU
		{75B54039-D9E0-482D-93C2-6B12A6202920}.Debug|Any CPU.ActiveCfg = Debug|Any CPU
		{75B54039-D9E0-482D-93C2-6B12A6202920}.Debug|Any CPU.Build.0 = Debug|Any CPU
		{75B54039-D9E0-482D-93C2-6B12A6202920}.Release|Any CPU.ActiveCfg = Release|Any CPU
		{75B54039-D9E0-482D-93C2-6B12A6202920}.Release|Any CPU.Build.0 = Release|Any CPU
		{1F11AB33-1B2F-4505-93BB-14FCEF745877}.Debug|Any CPU.ActiveCfg = Debug|Any CPU
		{1F11AB33-1B2F-4505-93BB-14FCEF745877}.Debug|Any CPU.Build.0 = Debug|Any CPU
		{1F11AB33-1B2F-4505-93BB-14FCEF745877}.Release|Any CPU.ActiveCfg = Release|Any CPU
		{1F11AB33-1B2F-4505-93BB-14FCEF745877}.Release|Any CPU.Build.0 = Release|Any CPU
		{68C9DA54-D3AF-4DD8-A593-3DC6BD4711D9}.Debug|Any CPU.ActiveCfg = Debug|Any CPU
		{68C9DA54-D3AF-4DD8-A593-3DC6BD4711D9}.Debug|Any CPU.Build.0 = Debug|Any CPU
		{68C9DA54-D3AF-4DD8-A593-3DC6BD4711D9}.Release|Any CPU.ActiveCfg = Release|Any CPU
		{68C9DA54-D3AF-4DD8-A593-3DC6BD4711D9}.Release|Any CPU.Build.0 = Release|Any CPU
		{B9D70529-799E-49D3-A313-D08C02CB510C}.Debug|Any CPU.ActiveCfg = Debug|Any CPU
		{B9D70529-799E-49D3-A313-D08C02CB510C}.Debug|Any CPU.Build.0 = Debug|Any CPU
		{B9D70529-799E-49D3-A313-D08C02CB510C}.Release|Any CPU.ActiveCfg = Release|Any CPU
		{B9D70529-799E-49D3-A313-D08C02CB510C}.Release|Any CPU.Build.0 = Release|Any CPU
		{1C16D372-94D2-4E36-9543-6575EF386637}.Debug|Any CPU.ActiveCfg = Debug|Any CPU
		{1C16D372-94D2-4E36-9543-6575EF386637}.Debug|Any CPU.Build.0 = Debug|Any CPU
		{1C16D372-94D2-4E36-9543-6575EF386637}.Release|Any CPU.ActiveCfg = Release|Any CPU
		{1C16D372-94D2-4E36-9543-6575EF386637}.Release|Any CPU.Build.0 = Release|Any CPU
		{A734412A-AA48-48D0-BBE5-7B55AA7AD436}.Debug|Any CPU.ActiveCfg = Debug|Any CPU
		{A734412A-AA48-48D0-BBE5-7B55AA7AD436}.Debug|Any CPU.Build.0 = Debug|Any CPU
		{A734412A-AA48-48D0-BBE5-7B55AA7AD436}.Release|Any CPU.ActiveCfg = Release|Any CPU
		{A734412A-AA48-48D0-BBE5-7B55AA7AD436}.Release|Any CPU.Build.0 = Release|Any CPU
		{CA6483AB-5DF0-4814-BEA9-A1C58DECB1C0}.Debug|Any CPU.ActiveCfg = Debug|Any CPU
		{CA6483AB-5DF0-4814-BEA9-A1C58DECB1C0}.Debug|Any CPU.Build.0 = Debug|Any CPU
		{CA6483AB-5DF0-4814-BEA9-A1C58DECB1C0}.Release|Any CPU.ActiveCfg = Release|Any CPU
		{CA6483AB-5DF0-4814-BEA9-A1C58DECB1C0}.Release|Any CPU.Build.0 = Release|Any CPU
		{83EBB73D-3ED5-460A-810B-B1DFE70DB5BE}.Debug|Any CPU.ActiveCfg = Debug|Any CPU
		{83EBB73D-3ED5-460A-810B-B1DFE70DB5BE}.Debug|Any CPU.Build.0 = Debug|Any CPU
		{83EBB73D-3ED5-460A-810B-B1DFE70DB5BE}.Release|Any CPU.ActiveCfg = Release|Any CPU
		{83EBB73D-3ED5-460A-810B-B1DFE70DB5BE}.Release|Any CPU.Build.0 = Release|Any CPU
		{72B66376-1931-465B-8FA1-F0A8D07499B0}.Debug|Any CPU.ActiveCfg = Debug|Any CPU
		{72B66376-1931-465B-8FA1-F0A8D07499B0}.Debug|Any CPU.Build.0 = Debug|Any CPU
		{72B66376-1931-465B-8FA1-F0A8D07499B0}.Release|Any CPU.ActiveCfg = Release|Any CPU
		{72B66376-1931-465B-8FA1-F0A8D07499B0}.Release|Any CPU.Build.0 = Release|Any CPU
		{A75B8F0A-E2C9-4779-9D62-CE6B6380A2E1}.Debug|Any CPU.ActiveCfg = Debug|Any CPU
		{A75B8F0A-E2C9-4779-9D62-CE6B6380A2E1}.Debug|Any CPU.Build.0 = Debug|Any CPU
		{A75B8F0A-E2C9-4779-9D62-CE6B6380A2E1}.Release|Any CPU.ActiveCfg = Release|Any CPU
		{A75B8F0A-E2C9-4779-9D62-CE6B6380A2E1}.Release|Any CPU.Build.0 = Release|Any CPU
		{9C32D253-E34F-42DA-A487-D79FD1D910E7}.Debug|Any CPU.ActiveCfg = Debug|Any CPU
		{9C32D253-E34F-42DA-A487-D79FD1D910E7}.Debug|Any CPU.Build.0 = Debug|Any CPU
		{9C32D253-E34F-42DA-A487-D79FD1D910E7}.Release|Any CPU.ActiveCfg = Release|Any CPU
		{9C32D253-E34F-42DA-A487-D79FD1D910E7}.Release|Any CPU.Build.0 = Release|Any CPU
		{00FE4F1B-667C-40F9-B1B3-13A84EBA0353}.Debug|Any CPU.ActiveCfg = Debug|Any CPU
		{00FE4F1B-667C-40F9-B1B3-13A84EBA0353}.Debug|Any CPU.Build.0 = Debug|Any CPU
		{00FE4F1B-667C-40F9-B1B3-13A84EBA0353}.Release|Any CPU.ActiveCfg = Release|Any CPU
		{00FE4F1B-667C-40F9-B1B3-13A84EBA0353}.Release|Any CPU.Build.0 = Release|Any CPU
		{AAF0C89B-36E3-4E87-9BAE-2200C6867D5D}.Debug|Any CPU.ActiveCfg = Debug|Any CPU
		{AAF0C89B-36E3-4E87-9BAE-2200C6867D5D}.Debug|Any CPU.Build.0 = Debug|Any CPU
		{AAF0C89B-36E3-4E87-9BAE-2200C6867D5D}.Release|Any CPU.ActiveCfg = Release|Any CPU
		{AAF0C89B-36E3-4E87-9BAE-2200C6867D5D}.Release|Any CPU.Build.0 = Release|Any CPU
		{A35E24AD-E104-4BEE-A5B1-3AAAA75526E1}.Debug|Any CPU.ActiveCfg = Debug|Any CPU
		{A35E24AD-E104-4BEE-A5B1-3AAAA75526E1}.Debug|Any CPU.Build.0 = Debug|Any CPU
		{A35E24AD-E104-4BEE-A5B1-3AAAA75526E1}.Release|Any CPU.ActiveCfg = Release|Any CPU
		{A35E24AD-E104-4BEE-A5B1-3AAAA75526E1}.Release|Any CPU.Build.0 = Release|Any CPU
		{E8DA4936-DE7D-4A3F-B475-F8521B260F03}.Debug|Any CPU.ActiveCfg = Debug|Any CPU
		{E8DA4936-DE7D-4A3F-B475-F8521B260F03}.Debug|Any CPU.Build.0 = Debug|Any CPU
		{E8DA4936-DE7D-4A3F-B475-F8521B260F03}.Release|Any CPU.ActiveCfg = Release|Any CPU
		{E8DA4936-DE7D-4A3F-B475-F8521B260F03}.Release|Any CPU.Build.0 = Release|Any CPU
		{6A1E553C-D08A-4DC3-AD96-517C6A830412}.Debug|Any CPU.ActiveCfg = Debug|Any CPU
		{6A1E553C-D08A-4DC3-AD96-517C6A830412}.Debug|Any CPU.Build.0 = Debug|Any CPU
		{6A1E553C-D08A-4DC3-AD96-517C6A830412}.Release|Any CPU.ActiveCfg = Release|Any CPU
		{6A1E553C-D08A-4DC3-AD96-517C6A830412}.Release|Any CPU.Build.0 = Release|Any CPU
		{660580E7-7355-49F3-BD76-31C15285660F}.Debug|Any CPU.ActiveCfg = Debug|Any CPU
		{660580E7-7355-49F3-BD76-31C15285660F}.Debug|Any CPU.Build.0 = Debug|Any CPU
		{660580E7-7355-49F3-BD76-31C15285660F}.Release|Any CPU.ActiveCfg = Release|Any CPU
		{660580E7-7355-49F3-BD76-31C15285660F}.Release|Any CPU.Build.0 = Release|Any CPU
		{AB7C0A94-B17F-42CD-940D-B9A0BFA0B42A}.Debug|Any CPU.ActiveCfg = Debug|Any CPU
		{AB7C0A94-B17F-42CD-940D-B9A0BFA0B42A}.Debug|Any CPU.Build.0 = Debug|Any CPU
		{AB7C0A94-B17F-42CD-940D-B9A0BFA0B42A}.Release|Any CPU.ActiveCfg = Release|Any CPU
		{AB7C0A94-B17F-42CD-940D-B9A0BFA0B42A}.Release|Any CPU.Build.0 = Release|Any CPU
		{D9F5C6A9-C15F-4BFB-80DE-1171492C35D7}.Debug|Any CPU.ActiveCfg = Debug|Any CPU
		{D9F5C6A9-C15F-4BFB-80DE-1171492C35D7}.Debug|Any CPU.Build.0 = Debug|Any CPU
		{D9F5C6A9-C15F-4BFB-80DE-1171492C35D7}.Release|Any CPU.ActiveCfg = Release|Any CPU
		{D9F5C6A9-C15F-4BFB-80DE-1171492C35D7}.Release|Any CPU.Build.0 = Release|Any CPU
		{5CFFF141-69EC-4C39-BE8F-C3B0D5948979}.Debug|Any CPU.ActiveCfg = Debug|Any CPU
		{5CFFF141-69EC-4C39-BE8F-C3B0D5948979}.Debug|Any CPU.Build.0 = Debug|Any CPU
		{5CFFF141-69EC-4C39-BE8F-C3B0D5948979}.Release|Any CPU.ActiveCfg = Release|Any CPU
		{5CFFF141-69EC-4C39-BE8F-C3B0D5948979}.Release|Any CPU.Build.0 = Release|Any CPU
		{4079322D-B510-4E4F-92EE-9C4D867BEE24}.Debug|Any CPU.ActiveCfg = Debug|Any CPU
		{4079322D-B510-4E4F-92EE-9C4D867BEE24}.Debug|Any CPU.Build.0 = Debug|Any CPU
		{4079322D-B510-4E4F-92EE-9C4D867BEE24}.Release|Any CPU.ActiveCfg = Release|Any CPU
		{4079322D-B510-4E4F-92EE-9C4D867BEE24}.Release|Any CPU.Build.0 = Release|Any CPU
		{A71FC810-F621-470F-8BC4-28E31DD10C62}.Debug|Any CPU.ActiveCfg = Debug|Any CPU
		{A71FC810-F621-470F-8BC4-28E31DD10C62}.Debug|Any CPU.Build.0 = Debug|Any CPU
		{A71FC810-F621-470F-8BC4-28E31DD10C62}.Release|Any CPU.ActiveCfg = Release|Any CPU
		{A71FC810-F621-470F-8BC4-28E31DD10C62}.Release|Any CPU.Build.0 = Release|Any CPU
		{06356FFF-0E54-4F02-9CF9-FC1DAF6D8AA6}.Debug|Any CPU.ActiveCfg = Debug|Any CPU
		{06356FFF-0E54-4F02-9CF9-FC1DAF6D8AA6}.Debug|Any CPU.Build.0 = Debug|Any CPU
		{06356FFF-0E54-4F02-9CF9-FC1DAF6D8AA6}.Release|Any CPU.ActiveCfg = Release|Any CPU
		{06356FFF-0E54-4F02-9CF9-FC1DAF6D8AA6}.Release|Any CPU.Build.0 = Release|Any CPU
		{585140F8-4DCA-47A3-A176-855CAD263F93}.Debug|Any CPU.ActiveCfg = Debug|Any CPU
		{585140F8-4DCA-47A3-A176-855CAD263F93}.Debug|Any CPU.Build.0 = Debug|Any CPU
		{585140F8-4DCA-47A3-A176-855CAD263F93}.Release|Any CPU.ActiveCfg = Release|Any CPU
		{585140F8-4DCA-47A3-A176-855CAD263F93}.Release|Any CPU.Build.0 = Release|Any CPU
		{C544A2B2-743F-4028-935E-9E63A85BA293}.Debug|Any CPU.ActiveCfg = Debug|Any CPU
		{C544A2B2-743F-4028-935E-9E63A85BA293}.Debug|Any CPU.Build.0 = Debug|Any CPU
		{C544A2B2-743F-4028-935E-9E63A85BA293}.Release|Any CPU.ActiveCfg = Release|Any CPU
		{C544A2B2-743F-4028-935E-9E63A85BA293}.Release|Any CPU.Build.0 = Release|Any CPU
	EndGlobalSection
	GlobalSection(SolutionProperties) = preSolution
		HideSolutionNode = FALSE
	EndGlobalSection
	GlobalSection(NestedProjects) = preSolution
		{5686F7F7-B6BB-40D6-A0BC-BA7D8A853981} = {A561CE66-E97D-4520-B4EB-5AA4F199CDEE}
		{859FF76A-263A-4C97-A9BE-944BEF6BC3DF} = {A561CE66-E97D-4520-B4EB-5AA4F199CDEE}
		{AEEA38DD-12D9-4A3B-A544-99FA1FC0E53F} = {A561CE66-E97D-4520-B4EB-5AA4F199CDEE}
		{9E40559E-A172-43FE-AEA9-53F5F9EF03E6} = {5686F7F7-B6BB-40D6-A0BC-BA7D8A853981}
		{3E3C835C-05D1-4F67-9184-E205F723791D} = {EA773367-D1CB-470C-9DB7-8E87CA9D637E}
		{EABF9426-D71D-4398-95CC-7FAF9B8D2DA0} = {EA773367-D1CB-470C-9DB7-8E87CA9D637E}
		{E1024876-8C47-4EF0-B883-D926CB0AADED} = {5686F7F7-B6BB-40D6-A0BC-BA7D8A853981}
		{C6EEB58A-B080-4916-BECC-C6CF978A964A} = {AEEA38DD-12D9-4A3B-A544-99FA1FC0E53F}
		{9DA0D5F4-0AB9-46A9-8ACF-6396C4E351D1} = {A561CE66-E97D-4520-B4EB-5AA4F199CDEE}
		{BDC1EA71-2D06-44C8-9BAF-003658579D71} = {9DA0D5F4-0AB9-46A9-8ACF-6396C4E351D1}
		{0DF8748A-056D-4271-AD56-927A41FD8989} = {AEEA38DD-12D9-4A3B-A544-99FA1FC0E53F}
		{C58A2D30-C0F1-4B53-A0D5-7C05AC37CB0E} = {E84BF77F-9A2C-4620-AAF0-B1E2D9E3BA88}
		{7E06E09F-C254-4DC5-8D64-9E5E3DF179FF} = {E84BF77F-9A2C-4620-AAF0-B1E2D9E3BA88}
		{E84BF77F-9A2C-4620-AAF0-B1E2D9E3BA88} = {A561CE66-E97D-4520-B4EB-5AA4F199CDEE}
		{7271F543-2F6B-4BEB-B05F-9AB1D68AA5E9} = {9DA0D5F4-0AB9-46A9-8ACF-6396C4E351D1}
		{2F5F3051-A77E-494F-8149-597D341FD4B3} = {9DA0D5F4-0AB9-46A9-8ACF-6396C4E351D1}
		{EC1975E7-2840-4118-93BE-8EA432C0883B} = {5686F7F7-B6BB-40D6-A0BC-BA7D8A853981}
		{19665F53-60F8-4B32-BADF-C5BC5070EF5A} = {AEEA38DD-12D9-4A3B-A544-99FA1FC0E53F}
		{11E752F7-CDB2-46D1-8AEB-FFDC845AA936} = {5686F7F7-B6BB-40D6-A0BC-BA7D8A853981}
		{EA773367-D1CB-470C-9DB7-8E87CA9D637E} = {A561CE66-E97D-4520-B4EB-5AA4F199CDEE}
		{CF0EEACD-0876-43D3-965F-C3F34C00E8B1} = {EA773367-D1CB-470C-9DB7-8E87CA9D637E}
		{625E0A0B-6380-4410-9C64-E10B8DAA3FDE} = {5686F7F7-B6BB-40D6-A0BC-BA7D8A853981}
		{8195D81B-E5FE-4026-B6FE-28B7616330EA} = {5686F7F7-B6BB-40D6-A0BC-BA7D8A853981}
		{4E29B863-F73F-4529-AE55-568F97319F88} = {9DA0D5F4-0AB9-46A9-8ACF-6396C4E351D1}
		{9634ABFA-5784-4270-9402-DF2AA7E5DE97} = {AEEA38DD-12D9-4A3B-A544-99FA1FC0E53F}
		{052DE193-AB20-46C1-A678-166182065399} = {E84BF77F-9A2C-4620-AAF0-B1E2D9E3BA88}
		{44572F63-ED9F-44E5-B330-901EA6EC076C} = {EA773367-D1CB-470C-9DB7-8E87CA9D637E}
		{3B5E0771-5D08-40F5-914C-B8693E1E26B6} = {EA773367-D1CB-470C-9DB7-8E87CA9D637E}
		{551B85DF-E337-493D-88DB-3447A7BFA947} = {E84BF77F-9A2C-4620-AAF0-B1E2D9E3BA88}
		{B12EB2B7-62E7-4BFD-94E9-10B5252D0305} = {EA773367-D1CB-470C-9DB7-8E87CA9D637E}
		{C29D4D60-83F8-4368-AF38-509D2AD5D9AE} = {EA773367-D1CB-470C-9DB7-8E87CA9D637E}
		{1E5CF9B7-0D33-4514-9B23-04772B6EC9BA} = {EA773367-D1CB-470C-9DB7-8E87CA9D637E}
		{C6A46CAA-6494-4CFF-834B-19831F8DCD3B} = {E84BF77F-9A2C-4620-AAF0-B1E2D9E3BA88}
		{9AE5AFF7-615D-482D-90C7-62CD710DD76D} = {EA773367-D1CB-470C-9DB7-8E87CA9D637E}
		{653FCCAF-7A2D-4C7F-B913-4220C8085D1B} = {5686F7F7-B6BB-40D6-A0BC-BA7D8A853981}
		{210DE8DA-98F3-4C74-A2B9-8E04CC2A53C2} = {653FCCAF-7A2D-4C7F-B913-4220C8085D1B}
		{7166237F-0B74-4EDF-A9E7-27C78EC713B8} = {AEEA38DD-12D9-4A3B-A544-99FA1FC0E53F}
		{430FAF3B-64CB-4701-B625-6C0B5620EF64} = {E84BF77F-9A2C-4620-AAF0-B1E2D9E3BA88}
		{D8D6A9E7-3395-4507-9404-A09D98D03F80} = {EA773367-D1CB-470C-9DB7-8E87CA9D637E}
		{B5712DBA-5E7A-4660-BE94-ABE642CA7397} = {AEEA38DD-12D9-4A3B-A544-99FA1FC0E53F}
		{905046F5-9383-4CE1-BA5E-969C239A1EE1} = {5686F7F7-B6BB-40D6-A0BC-BA7D8A853981}
		{5E509AA8-6B26-496A-8350-16E8454F5B7A} = {859FF76A-263A-4C97-A9BE-944BEF6BC3DF}
		{75B54039-D9E0-482D-93C2-6B12A6202920} = {9DA0D5F4-0AB9-46A9-8ACF-6396C4E351D1}
		{1F11AB33-1B2F-4505-93BB-14FCEF745877} = {7BE105C3-AC06-4F62-B258-B76667C957EB}
		{68C9DA54-D3AF-4DD8-A593-3DC6BD4711D9} = {E84BF77F-9A2C-4620-AAF0-B1E2D9E3BA88}
		{B9D70529-799E-49D3-A313-D08C02CB510C} = {AEEA38DD-12D9-4A3B-A544-99FA1FC0E53F}
		{1C16D372-94D2-4E36-9543-6575EF386637} = {EA773367-D1CB-470C-9DB7-8E87CA9D637E}
		{A734412A-AA48-48D0-BBE5-7B55AA7AD436} = {859FF76A-263A-4C97-A9BE-944BEF6BC3DF}
		{CA6483AB-5DF0-4814-BEA9-A1C58DECB1C0} = {859FF76A-263A-4C97-A9BE-944BEF6BC3DF}
		{83EBB73D-3ED5-460A-810B-B1DFE70DB5BE} = {859FF76A-263A-4C97-A9BE-944BEF6BC3DF}
		{72B66376-1931-465B-8FA1-F0A8D07499B0} = {70D0EDDE-0720-4497-8171-A5A54C491B5E}
		{A75B8F0A-E2C9-4779-9D62-CE6B6380A2E1} = {70D0EDDE-0720-4497-8171-A5A54C491B5E}
		{9C32D253-E34F-42DA-A487-D79FD1D910E7} = {70D0EDDE-0720-4497-8171-A5A54C491B5E}
		{00FE4F1B-667C-40F9-B1B3-13A84EBA0353} = {70D0EDDE-0720-4497-8171-A5A54C491B5E}
		{AAF0C89B-36E3-4E87-9BAE-2200C6867D5D} = {70D0EDDE-0720-4497-8171-A5A54C491B5E}
		{A35E24AD-E104-4BEE-A5B1-3AAAA75526E1} = {D83E9825-17AC-4AE9-83D9-CBE9DDCC59F6}
		{E8DA4936-DE7D-4A3F-B475-F8521B260F03} = {D83E9825-17AC-4AE9-83D9-CBE9DDCC59F6}
		{6A1E553C-D08A-4DC3-AD96-517C6A830412} = {D83E9825-17AC-4AE9-83D9-CBE9DDCC59F6}
		{660580E7-7355-49F3-BD76-31C15285660F} = {6F27881E-B40E-4A9D-AFDB-032162D865D5}
		{6F27881E-B40E-4A9D-AFDB-032162D865D5} = {AEEA38DD-12D9-4A3B-A544-99FA1FC0E53F}
		{D83E9825-17AC-4AE9-83D9-CBE9DDCC59F6} = {AEEA38DD-12D9-4A3B-A544-99FA1FC0E53F}
		{AB7C0A94-B17F-42CD-940D-B9A0BFA0B42A} = {6F27881E-B40E-4A9D-AFDB-032162D865D5}
		{D9F5C6A9-C15F-4BFB-80DE-1171492C35D7} = {E84BF77F-9A2C-4620-AAF0-B1E2D9E3BA88}
		{5CFFF141-69EC-4C39-BE8F-C3B0D5948979} = {E84BF77F-9A2C-4620-AAF0-B1E2D9E3BA88}
		{7BE105C3-AC06-4F62-B258-B76667C957EB} = {AEEA38DD-12D9-4A3B-A544-99FA1FC0E53F}
		{4079322D-B510-4E4F-92EE-9C4D867BEE24} = {E84BF77F-9A2C-4620-AAF0-B1E2D9E3BA88}
		{A71FC810-F621-470F-8BC4-28E31DD10C62} = {E84BF77F-9A2C-4620-AAF0-B1E2D9E3BA88}
		{06356FFF-0E54-4F02-9CF9-FC1DAF6D8AA6} = {6F27881E-B40E-4A9D-AFDB-032162D865D5}
		{585140F8-4DCA-47A3-A176-855CAD263F93} = {7BE105C3-AC06-4F62-B258-B76667C957EB}
		{C544A2B2-743F-4028-935E-9E63A85BA293} = {70D0EDDE-0720-4497-8171-A5A54C491B5E}
	EndGlobalSection
	GlobalSection(ExtensibilityGlobals) = postSolution
		SolutionGuid = {3787FEEA-6175-4B41-A979-51B2D1E11B8D}
	EndGlobalSection
EndGlobal
